// !$*UTF8*$!
{
	archiveVersion = 1;
	classes = {
	};
	objectVersion = 46;
	objects = {

/* Begin PBXBuildFile section */
		272540005D9C82BC53745C35 /* libPods.a in Frameworks */ = {isa = PBXBuildFile; fileRef = AD880DCF430E191560FC27CB /* libPods.a */; };
		45180A841B5B7AE3008B1FF9 /* Stars-3@2x.png in Resources */ = {isa = PBXBuildFile; fileRef = 45180A701B5B7AE3008B1FF9 /* Stars-3@2x.png */; };
		45180A851B5B7AE3008B1FF9 /* Stars-3@3x.png in Resources */ = {isa = PBXBuildFile; fileRef = 45180A711B5B7AE3008B1FF9 /* Stars-3@3x.png */; };
		45180A861B5B7AE3008B1FF9 /* Stars-4.png in Resources */ = {isa = PBXBuildFile; fileRef = 45180A721B5B7AE3008B1FF9 /* Stars-4.png */; };
		45180A871B5B7AE3008B1FF9 /* Stars-4@2x.png in Resources */ = {isa = PBXBuildFile; fileRef = 45180A731B5B7AE3008B1FF9 /* Stars-4@2x.png */; };
		45180A881B5B7AE3008B1FF9 /* Stars-4@3x.png in Resources */ = {isa = PBXBuildFile; fileRef = 45180A741B5B7AE3008B1FF9 /* Stars-4@3x.png */; };
		45180A891B5B7AE3008B1FF9 /* Stars-5.png in Resources */ = {isa = PBXBuildFile; fileRef = 45180A751B5B7AE3008B1FF9 /* Stars-5.png */; };
		45180A8A1B5B7AE3008B1FF9 /* Stars-5@2x.png in Resources */ = {isa = PBXBuildFile; fileRef = 45180A761B5B7AE3008B1FF9 /* Stars-5@2x.png */; };
		45180A8B1B5B7AE3008B1FF9 /* Stars-5@3x.png in Resources */ = {isa = PBXBuildFile; fileRef = 45180A771B5B7AE3008B1FF9 /* Stars-5@3x.png */; };
		45180A8C1B5B7AE3008B1FF9 /* Stars-1.png in Resources */ = {isa = PBXBuildFile; fileRef = 45180A781B5B7AE3008B1FF9 /* Stars-1.png */; };
		45180A8D1B5B7AE3008B1FF9 /* Stars-1@2x.png in Resources */ = {isa = PBXBuildFile; fileRef = 45180A791B5B7AE3008B1FF9 /* Stars-1@2x.png */; };
		45180A8E1B5B7AE3008B1FF9 /* Stars-1@3x.png in Resources */ = {isa = PBXBuildFile; fileRef = 45180A7A1B5B7AE3008B1FF9 /* Stars-1@3x.png */; };
		45180A8F1B5B7AE3008B1FF9 /* Stars-2.png in Resources */ = {isa = PBXBuildFile; fileRef = 45180A7B1B5B7AE3008B1FF9 /* Stars-2.png */; };
		45180A901B5B7AE3008B1FF9 /* Stars-2@2x.png in Resources */ = {isa = PBXBuildFile; fileRef = 45180A7C1B5B7AE3008B1FF9 /* Stars-2@2x.png */; };
		45180A911B5B7AE3008B1FF9 /* Stars-2@3x.png in Resources */ = {isa = PBXBuildFile; fileRef = 45180A7D1B5B7AE3008B1FF9 /* Stars-2@3x.png */; };
		45180A921B5B7AE3008B1FF9 /* Stars-3.png in Resources */ = {isa = PBXBuildFile; fileRef = 45180A7E1B5B7AE3008B1FF9 /* Stars-3.png */; };
		45180A931B5B7AE3008B1FF9 /* stars_1.png in Resources */ = {isa = PBXBuildFile; fileRef = 45180A7F1B5B7AE3008B1FF9 /* stars_1.png */; };
		45180A941B5B7AE3008B1FF9 /* stars_2.png in Resources */ = {isa = PBXBuildFile; fileRef = 45180A801B5B7AE3008B1FF9 /* stars_2.png */; };
		45180A951B5B7AE3008B1FF9 /* stars_3.png in Resources */ = {isa = PBXBuildFile; fileRef = 45180A811B5B7AE3008B1FF9 /* stars_3.png */; };
		45180A961B5B7AE3008B1FF9 /* stars_4.png in Resources */ = {isa = PBXBuildFile; fileRef = 45180A821B5B7AE3008B1FF9 /* stars_4.png */; };
		45180A971B5B7AE3008B1FF9 /* stars_5.png in Resources */ = {isa = PBXBuildFile; fileRef = 45180A831B5B7AE3008B1FF9 /* stars_5.png */; };
		45180ACF1B5B7B4D008B1FF9 /* login_bg-568h@2x.png in Resources */ = {isa = PBXBuildFile; fileRef = 45180ACC1B5B7B4D008B1FF9 /* login_bg-568h@2x.png */; };
		45180AD01B5B7B4D008B1FF9 /* login_bg.png in Resources */ = {isa = PBXBuildFile; fileRef = 45180ACD1B5B7B4D008B1FF9 /* login_bg.png */; };
		45180AD11B5B7B4D008B1FF9 /* login_bg@2x.png in Resources */ = {isa = PBXBuildFile; fileRef = 45180ACE1B5B7B4D008B1FF9 /* login_bg@2x.png */; };
		45180AD31B5B7B9D008B1FF9 /* AddDailyLogForOneBabyViewController.swift in Sources */ = {isa = PBXBuildFile; fileRef = 45180AD21B5B7B9D008B1FF9 /* AddDailyLogForOneBabyViewController.swift */; };
		4519B3FC1B66176800E200A5 /* Icon-29.png in Resources */ = {isa = PBXBuildFile; fileRef = 4519B3F21B66176800E200A5 /* Icon-29.png */; };
		4519B3FD1B66176800E200A5 /* Icon-40.png in Resources */ = {isa = PBXBuildFile; fileRef = 4519B3F31B66176800E200A5 /* Icon-40.png */; };
		4519B3FE1B66176800E200A5 /* Icon-58.png in Resources */ = {isa = PBXBuildFile; fileRef = 4519B3F41B66176800E200A5 /* Icon-58.png */; };
		4519B3FF1B66176800E200A5 /* Icon-76.png in Resources */ = {isa = PBXBuildFile; fileRef = 4519B3F51B66176800E200A5 /* Icon-76.png */; };
		4519B4001B66176800E200A5 /* Icon-80.png in Resources */ = {isa = PBXBuildFile; fileRef = 4519B3F61B66176800E200A5 /* Icon-80.png */; };
		4519B4011B66176800E200A5 /* Icon-87.png in Resources */ = {isa = PBXBuildFile; fileRef = 4519B3F71B66176800E200A5 /* Icon-87.png */; };
		4519B4021B66176800E200A5 /* Icon-120.png in Resources */ = {isa = PBXBuildFile; fileRef = 4519B3F81B66176800E200A5 /* Icon-120.png */; };
		4519B4031B66176800E200A5 /* Icon-152.png in Resources */ = {isa = PBXBuildFile; fileRef = 4519B3F91B66176800E200A5 /* Icon-152.png */; };
		4519B4041B66176800E200A5 /* Icon-180.png in Resources */ = {isa = PBXBuildFile; fileRef = 4519B3FA1B66176800E200A5 /* Icon-180.png */; };
		4519B4051B66176800E200A5 /* Icon-1024.png in Resources */ = {isa = PBXBuildFile; fileRef = 4519B3FB1B66176800E200A5 /* Icon-1024.png */; };
		4519B4091B66194D00E200A5 /* default-568h@2x.png in Resources */ = {isa = PBXBuildFile; fileRef = 4519B4071B66194D00E200A5 /* default-568h@2x.png */; };
		4519B40A1B66194D00E200A5 /* default@2x.png in Resources */ = {isa = PBXBuildFile; fileRef = 4519B4081B66194D00E200A5 /* default@2x.png */; };
		45210B501B4F2B69004A2EFB /* Globals.swift in Sources */ = {isa = PBXBuildFile; fileRef = 45210B4F1B4F2B69004A2EFB /* Globals.swift */; };
		45210B551B4F4C7B004A2EFB /* UIViewControllerForWebAPI.swift in Sources */ = {isa = PBXBuildFile; fileRef = 45210B541B4F4C7B004A2EFB /* UIViewControllerForWebAPI.swift */; };
		453E2B1F1B35492800500E31 /* AppDelegate.swift in Sources */ = {isa = PBXBuildFile; fileRef = 453E2B1E1B35492800500E31 /* AppDelegate.swift */; };
		453E2B211B35492800500E31 /* LoginViewController.swift in Sources */ = {isa = PBXBuildFile; fileRef = 453E2B201B35492800500E31 /* LoginViewController.swift */; };
		453E2B241B35492800500E31 /* Main.storyboard in Resources */ = {isa = PBXBuildFile; fileRef = 453E2B221B35492800500E31 /* Main.storyboard */; };
		453E2B261B35492800500E31 /* Assets.xcassets in Resources */ = {isa = PBXBuildFile; fileRef = 453E2B251B35492800500E31 /* Assets.xcassets */; };
		457E226F1B78368000CDA4CC /* MoreTableViewController.swift in Sources */ = {isa = PBXBuildFile; fileRef = 457E226E1B78368000CDA4CC /* MoreTableViewController.swift */; };
		457E22711B79589300CDA4CC /* CreateClassViewController.swift in Sources */ = {isa = PBXBuildFile; fileRef = 457E22701B79589300CDA4CC /* CreateClassViewController.swift */; };
		457E22791B7D155D00CDA4CC /* TeacherInfoViewController.swift in Sources */ = {isa = PBXBuildFile; fileRef = 457E22781B7D155D00CDA4CC /* TeacherInfoViewController.swift */; };
		45A7E8BE1B3E6E0B00748A6F /* KeleCalCellView.swift in Sources */ = {isa = PBXBuildFile; fileRef = 45A7E8B81B3E6E0B00748A6F /* KeleCalCellView.swift */; };
		45A7E8BF1B3E6E0B00748A6F /* KeleCalData.swift in Sources */ = {isa = PBXBuildFile; fileRef = 45A7E8B91B3E6E0B00748A6F /* KeleCalData.swift */; };
		45A7E8C01B3E6E0B00748A6F /* KeleCalDelegate.swift in Sources */ = {isa = PBXBuildFile; fileRef = 45A7E8BA1B3E6E0B00748A6F /* KeleCalDelegate.swift */; };
		45A7E8C11B3E6E0B00748A6F /* keleCalMainView.swift in Sources */ = {isa = PBXBuildFile; fileRef = 45A7E8BB1B3E6E0B00748A6F /* keleCalMainView.swift */; };
		45A7E8C21B3E6E0B00748A6F /* KeleCalMonthView.swift in Sources */ = {isa = PBXBuildFile; fileRef = 45A7E8BC1B3E6E0B00748A6F /* KeleCalMonthView.swift */; };
		45A7E8C31B3E6E0B00748A6F /* keleDraw.swift in Sources */ = {isa = PBXBuildFile; fileRef = 45A7E8BD1B3E6E0B00748A6F /* keleDraw.swift */; };
		45A7E8C51B3E6E5B00748A6F /* KeleCalendarViewController.swift in Sources */ = {isa = PBXBuildFile; fileRef = 45A7E8C41B3E6E5B00748A6F /* KeleCalendarViewController.swift */; };
		45A7E8C81B3E8FB400748A6F /* DailyLogItem.swift in Sources */ = {isa = PBXBuildFile; fileRef = 45A7E8C71B3E8FB400748A6F /* DailyLogItem.swift */; };
		45A7E8CA1B3E933400748A6F /* SwiftyJSON.swift in Sources */ = {isa = PBXBuildFile; fileRef = 45A7E8C91B3E933400748A6F /* SwiftyJSON.swift */; };
		45A7E8CC1B3F128500748A6F /* AddDailyLogViewController.swift in Sources */ = {isa = PBXBuildFile; fileRef = 45A7E8CB1B3F128500748A6F /* AddDailyLogViewController.swift */; };
		45A7E8DB1B4103D700748A6F /* LogTabViewController.swift in Sources */ = {isa = PBXBuildFile; fileRef = 45A7E8DA1B4103D700748A6F /* LogTabViewController.swift */; };
		45A7E8DD1B43431800748A6F /* LogItemTableViewCell.swift in Sources */ = {isa = PBXBuildFile; fileRef = 45A7E8DC1B43431800748A6F /* LogItemTableViewCell.swift */; };
		45A7E9751B4776A600748A6F /* ClassViewController.swift in Sources */ = {isa = PBXBuildFile; fileRef = 45A7E9741B4776A600748A6F /* ClassViewController.swift */; };
		45A7E9771B479B6400748A6F /* ClassBabyInfoCollectionViewCell.swift in Sources */ = {isa = PBXBuildFile; fileRef = 45A7E9761B479B6400748A6F /* ClassBabyInfoCollectionViewCell.swift */; };
		45A7E9811B49AF4F00748A6F /* FloatRatingView.swift in Sources */ = {isa = PBXBuildFile; fileRef = 45A7E9801B49AF4F00748A6F /* FloatRatingView.swift */; };
		45A7E9831B49C03C00748A6F /* BabyStarViewController.swift in Sources */ = {isa = PBXBuildFile; fileRef = 45A7E9821B49C03C00748A6F /* BabyStarViewController.swift */; };
		45A7E9851B49C16200748A6F /* BabyStarTableViewCell.swift in Sources */ = {isa = PBXBuildFile; fileRef = 45A7E9841B49C16200748A6F /* BabyStarTableViewCell.swift */; };
		45A7E9871B49D89200748A6F /* AddDailyLogPerBabyViewController.swift in Sources */ = {isa = PBXBuildFile; fileRef = 45A7E9861B49D89200748A6F /* AddDailyLogPerBabyViewController.swift */; };
		45BEA6B01B5C88B90087EFB0 /* Alamofire.swift in Sources */ = {isa = PBXBuildFile; fileRef = 45BEA6A71B5C88B90087EFB0 /* Alamofire.swift */; };
		45BEA6B11B5C88B90087EFB0 /* Download.swift in Sources */ = {isa = PBXBuildFile; fileRef = 45BEA6A81B5C88B90087EFB0 /* Download.swift */; };
		45BEA6B21B5C88B90087EFB0 /* Manager.swift in Sources */ = {isa = PBXBuildFile; fileRef = 45BEA6A91B5C88B90087EFB0 /* Manager.swift */; };
		45BEA6B31B5C88B90087EFB0 /* MultipartFormData.swift in Sources */ = {isa = PBXBuildFile; fileRef = 45BEA6AA1B5C88B90087EFB0 /* MultipartFormData.swift */; };
		45BEA6B41B5C88B90087EFB0 /* ParameterEncoding.swift in Sources */ = {isa = PBXBuildFile; fileRef = 45BEA6AB1B5C88B90087EFB0 /* ParameterEncoding.swift */; };
		45BEA6B51B5C88B90087EFB0 /* Request.swift in Sources */ = {isa = PBXBuildFile; fileRef = 45BEA6AC1B5C88B90087EFB0 /* Request.swift */; };
		45BEA6B61B5C88B90087EFB0 /* ResponseSerialization.swift in Sources */ = {isa = PBXBuildFile; fileRef = 45BEA6AD1B5C88B90087EFB0 /* ResponseSerialization.swift */; };
		45BEA6B71B5C88B90087EFB0 /* Upload.swift in Sources */ = {isa = PBXBuildFile; fileRef = 45BEA6AE1B5C88B90087EFB0 /* Upload.swift */; };
		45BEA6B81B5C88B90087EFB0 /* Validation.swift in Sources */ = {isa = PBXBuildFile; fileRef = 45BEA6AF1B5C88B90087EFB0 /* Validation.swift */; };
		45BEA6BA1B5EA29F0087EFB0 /* PgySDK.framework in Frameworks */ = {isa = PBXBuildFile; fileRef = 45BEA6B91B5EA29F0087EFB0 /* PgySDK.framework */; };
		45BEA6BC1B5EA2BD0087EFB0 /* CoreTelephony.framework in Frameworks */ = {isa = PBXBuildFile; fileRef = 45BEA6BB1B5EA2BD0087EFB0 /* CoreTelephony.framework */; };
		45BEA6BE1B5EA2C50087EFB0 /* OpenGLES.framework in Frameworks */ = {isa = PBXBuildFile; fileRef = 45BEA6BD1B5EA2C50087EFB0 /* OpenGLES.framework */; };
		45BEA6C01B5EA2D20087EFB0 /* SceneKit.framework in Frameworks */ = {isa = PBXBuildFile; fileRef = 45BEA6BF1B5EA2D20087EFB0 /* SceneKit.framework */; settings = {ATTRIBUTES = (Weak, ); }; };
		45BEA6C21B5EA2DA0087EFB0 /* CoreMotion.framework in Frameworks */ = {isa = PBXBuildFile; fileRef = 45BEA6C11B5EA2DA0087EFB0 /* CoreMotion.framework */; };
		45BEA6C41B5EA2E40087EFB0 /* AudioToolbox.framework in Frameworks */ = {isa = PBXBuildFile; fileRef = 45BEA6C31B5EA2E40087EFB0 /* AudioToolbox.framework */; };
		45BEA6C61B5EA2EC0087EFB0 /* AVFoundation.framework in Frameworks */ = {isa = PBXBuildFile; fileRef = 45BEA6C51B5EA2EC0087EFB0 /* AVFoundation.framework */; };
		45BEA6C81B5EA2F30087EFB0 /* SystemConfiguration.framework in Frameworks */ = {isa = PBXBuildFile; fileRef = 45BEA6C71B5EA2F30087EFB0 /* SystemConfiguration.framework */; };
		45BEA6FC1B6149050087EFB0 /* activity_2.png in Resources */ = {isa = PBXBuildFile; fileRef = 45BEA6C91B6149040087EFB0 /* activity_2.png */; };
		45BEA6FD1B6149050087EFB0 /* activity_2@2x.png in Resources */ = {isa = PBXBuildFile; fileRef = 45BEA6CA1B6149040087EFB0 /* activity_2@2x.png */; };
		45BEA6FE1B6149050087EFB0 /* activity_2@3x.png in Resources */ = {isa = PBXBuildFile; fileRef = 45BEA6CB1B6149040087EFB0 /* activity_2@3x.png */; };
		45BEA6FF1B6149050087EFB0 /* activity_4@3x.png in Resources */ = {isa = PBXBuildFile; fileRef = 45BEA6CC1B6149040087EFB0 /* activity_4@3x.png */; };
		45BEA7001B6149050087EFB0 /* activity_11.png in Resources */ = {isa = PBXBuildFile; fileRef = 45BEA6CD1B6149040087EFB0 /* activity_11.png */; };
		45BEA7011B6149050087EFB0 /* activity_11@2x.png in Resources */ = {isa = PBXBuildFile; fileRef = 45BEA6CE1B6149040087EFB0 /* activity_11@2x.png */; };
		45BEA7021B6149050087EFB0 /* activity_11@3x.png in Resources */ = {isa = PBXBuildFile; fileRef = 45BEA6CF1B6149040087EFB0 /* activity_11@3x.png */; };
		45BEA7031B6149050087EFB0 /* activity_14.png in Resources */ = {isa = PBXBuildFile; fileRef = 45BEA6D01B6149040087EFB0 /* activity_14.png */; };
		45BEA7041B6149050087EFB0 /* activity_14@2x.png in Resources */ = {isa = PBXBuildFile; fileRef = 45BEA6D11B6149040087EFB0 /* activity_14@2x.png */; };
		45BEA7051B6149050087EFB0 /* activity_14@3x.png in Resources */ = {isa = PBXBuildFile; fileRef = 45BEA6D21B6149040087EFB0 /* activity_14@3x.png */; };
		45BEA7061B6149050087EFB0 /* activity_15.png in Resources */ = {isa = PBXBuildFile; fileRef = 45BEA6D31B6149040087EFB0 /* activity_15.png */; };
		45BEA7071B6149050087EFB0 /* activity_15@2x.png in Resources */ = {isa = PBXBuildFile; fileRef = 45BEA6D41B6149040087EFB0 /* activity_15@2x.png */; };
		45BEA7081B6149050087EFB0 /* activity_15@3x.png in Resources */ = {isa = PBXBuildFile; fileRef = 45BEA6D51B6149040087EFB0 /* activity_15@3x.png */; };
		45BEA7091B6149050087EFB0 /* activity_1.png in Resources */ = {isa = PBXBuildFile; fileRef = 45BEA6D61B6149040087EFB0 /* activity_1.png */; };
		45BEA70A1B6149050087EFB0 /* activity_1@2x.png in Resources */ = {isa = PBXBuildFile; fileRef = 45BEA6D71B6149040087EFB0 /* activity_1@2x.png */; };
		45BEA70B1B6149050087EFB0 /* activity_1@3x.png in Resources */ = {isa = PBXBuildFile; fileRef = 45BEA6D81B6149040087EFB0 /* activity_1@3x.png */; };
		45BEA70C1B6149050087EFB0 /* activity_3.png in Resources */ = {isa = PBXBuildFile; fileRef = 45BEA6D91B6149040087EFB0 /* activity_3.png */; };
		45BEA70D1B6149050087EFB0 /* activity_3@2x.png in Resources */ = {isa = PBXBuildFile; fileRef = 45BEA6DA1B6149040087EFB0 /* activity_3@2x.png */; };
		45BEA70E1B6149050087EFB0 /* activity_3@3x.png in Resources */ = {isa = PBXBuildFile; fileRef = 45BEA6DB1B6149040087EFB0 /* activity_3@3x.png */; };
		45BEA70F1B6149050087EFB0 /* activity_4.png in Resources */ = {isa = PBXBuildFile; fileRef = 45BEA6DC1B6149040087EFB0 /* activity_4.png */; };
		45BEA7101B6149050087EFB0 /* activity_4@2x.png in Resources */ = {isa = PBXBuildFile; fileRef = 45BEA6DD1B6149040087EFB0 /* activity_4@2x.png */; };
		45BEA7111B6149050087EFB0 /* activity_5.png in Resources */ = {isa = PBXBuildFile; fileRef = 45BEA6DE1B6149040087EFB0 /* activity_5.png */; };
		45BEA7121B6149050087EFB0 /* activity_5@2x.png in Resources */ = {isa = PBXBuildFile; fileRef = 45BEA6DF1B6149040087EFB0 /* activity_5@2x.png */; };
		45BEA7131B6149050087EFB0 /* activity_5@3x.png in Resources */ = {isa = PBXBuildFile; fileRef = 45BEA6E01B6149040087EFB0 /* activity_5@3x.png */; };
		45BEA7141B6149050087EFB0 /* activity_6.png in Resources */ = {isa = PBXBuildFile; fileRef = 45BEA6E11B6149040087EFB0 /* activity_6.png */; };
		45BEA7151B6149050087EFB0 /* activity_6@2x.png in Resources */ = {isa = PBXBuildFile; fileRef = 45BEA6E21B6149040087EFB0 /* activity_6@2x.png */; };
		45BEA7161B6149050087EFB0 /* activity_6@3x.png in Resources */ = {isa = PBXBuildFile; fileRef = 45BEA6E31B6149040087EFB0 /* activity_6@3x.png */; };
		45BEA7171B6149050087EFB0 /* activity_7.png in Resources */ = {isa = PBXBuildFile; fileRef = 45BEA6E41B6149040087EFB0 /* activity_7.png */; };
		45BEA7181B6149050087EFB0 /* activity_7@2x.png in Resources */ = {isa = PBXBuildFile; fileRef = 45BEA6E51B6149040087EFB0 /* activity_7@2x.png */; };
		45BEA7191B6149050087EFB0 /* activity_7@3x.png in Resources */ = {isa = PBXBuildFile; fileRef = 45BEA6E61B6149040087EFB0 /* activity_7@3x.png */; };
		45BEA71A1B6149050087EFB0 /* activity_8.png in Resources */ = {isa = PBXBuildFile; fileRef = 45BEA6E71B6149040087EFB0 /* activity_8.png */; };
		45BEA71B1B6149050087EFB0 /* activity_8@2x.png in Resources */ = {isa = PBXBuildFile; fileRef = 45BEA6E81B6149040087EFB0 /* activity_8@2x.png */; };
		45BEA71C1B6149050087EFB0 /* activity_8@3x.png in Resources */ = {isa = PBXBuildFile; fileRef = 45BEA6E91B6149040087EFB0 /* activity_8@3x.png */; };
		45BEA71D1B6149050087EFB0 /* activity_9.png in Resources */ = {isa = PBXBuildFile; fileRef = 45BEA6EA1B6149040087EFB0 /* activity_9.png */; };
		45BEA71E1B6149050087EFB0 /* activity_9@2x.png in Resources */ = {isa = PBXBuildFile; fileRef = 45BEA6EB1B6149050087EFB0 /* activity_9@2x.png */; };
		45BEA71F1B6149050087EFB0 /* activity_9@3x.png in Resources */ = {isa = PBXBuildFile; fileRef = 45BEA6EC1B6149050087EFB0 /* activity_9@3x.png */; };
		45BEA7201B6149050087EFB0 /* activity_10.png in Resources */ = {isa = PBXBuildFile; fileRef = 45BEA6ED1B6149050087EFB0 /* activity_10.png */; };
		45BEA7211B6149050087EFB0 /* activity_10@2x.png in Resources */ = {isa = PBXBuildFile; fileRef = 45BEA6EE1B6149050087EFB0 /* activity_10@2x.png */; };
		45BEA7221B6149050087EFB0 /* activity_10@3x.png in Resources */ = {isa = PBXBuildFile; fileRef = 45BEA6EF1B6149050087EFB0 /* activity_10@3x.png */; };
		45BEA7231B6149050087EFB0 /* activity_12.png in Resources */ = {isa = PBXBuildFile; fileRef = 45BEA6F01B6149050087EFB0 /* activity_12.png */; };
		45BEA7241B6149050087EFB0 /* activity_12@2x.png in Resources */ = {isa = PBXBuildFile; fileRef = 45BEA6F11B6149050087EFB0 /* activity_12@2x.png */; };
		45BEA7251B6149050087EFB0 /* activity_12@3x.png in Resources */ = {isa = PBXBuildFile; fileRef = 45BEA6F21B6149050087EFB0 /* activity_12@3x.png */; };
		45BEA7261B6149050087EFB0 /* activity_13.png in Resources */ = {isa = PBXBuildFile; fileRef = 45BEA6F31B6149050087EFB0 /* activity_13.png */; };
		45BEA7271B6149050087EFB0 /* activity_13@2x.png in Resources */ = {isa = PBXBuildFile; fileRef = 45BEA6F41B6149050087EFB0 /* activity_13@2x.png */; };
		45BEA7281B6149050087EFB0 /* activity_13@3x.png in Resources */ = {isa = PBXBuildFile; fileRef = 45BEA6F51B6149050087EFB0 /* activity_13@3x.png */; };
		45BEA7291B6149050087EFB0 /* activity_20.png in Resources */ = {isa = PBXBuildFile; fileRef = 45BEA6F61B6149050087EFB0 /* activity_20.png */; };
		45BEA72A1B6149050087EFB0 /* activity_20@2x.png in Resources */ = {isa = PBXBuildFile; fileRef = 45BEA6F71B6149050087EFB0 /* activity_20@2x.png */; };
		45BEA72B1B6149050087EFB0 /* activity_20@3x.png in Resources */ = {isa = PBXBuildFile; fileRef = 45BEA6F81B6149050087EFB0 /* activity_20@3x.png */; };
		45BEA72C1B6149050087EFB0 /* activity_30.png in Resources */ = {isa = PBXBuildFile; fileRef = 45BEA6F91B6149050087EFB0 /* activity_30.png */; };
		45BEA72D1B6149050087EFB0 /* activity_30@2x.png in Resources */ = {isa = PBXBuildFile; fileRef = 45BEA6FA1B6149050087EFB0 /* activity_30@2x.png */; };
		45BEA72E1B6149050087EFB0 /* activity_30@3x.png in Resources */ = {isa = PBXBuildFile; fileRef = 45BEA6FB1B6149050087EFB0 /* activity_30@3x.png */; };
		45BEA7C01B61E7730087EFB0 /* MainTabBarController.swift in Sources */ = {isa = PBXBuildFile; fileRef = 45BEA7BF1B61E7730087EFB0 /* MainTabBarController.swift */; };
		45BEA7DF1B61EAA60087EFB0 /* TabBar-Banji-Blue.png in Resources */ = {isa = PBXBuildFile; fileRef = 45BEA7C71B61EAA60087EFB0 /* TabBar-Banji-Blue.png */; };
		45BEA7E01B61EAA60087EFB0 /* TabBar-Banji-Blue@2x.png in Resources */ = {isa = PBXBuildFile; fileRef = 45BEA7C81B61EAA60087EFB0 /* TabBar-Banji-Blue@2x.png */; };
		45BEA7E11B61EAA60087EFB0 /* TabBar-Banji-Blue@3x.png in Resources */ = {isa = PBXBuildFile; fileRef = 45BEA7C91B61EAA60087EFB0 /* TabBar-Banji-Blue@3x.png */; };
		45BEA7E21B61EAA60087EFB0 /* TabBar-Banji-Grey.png in Resources */ = {isa = PBXBuildFile; fileRef = 45BEA7CA1B61EAA60087EFB0 /* TabBar-Banji-Grey.png */; };
		45BEA7E31B61EAA60087EFB0 /* TabBar-Banji-Grey@2x.png in Resources */ = {isa = PBXBuildFile; fileRef = 45BEA7CB1B61EAA60087EFB0 /* TabBar-Banji-Grey@2x.png */; };
		45BEA7E41B61EAA60087EFB0 /* TabBar-Banji-Grey@3x.png in Resources */ = {isa = PBXBuildFile; fileRef = 45BEA7CC1B61EAA60087EFB0 /* TabBar-Banji-Grey@3x.png */; };
		45BEA7E51B61EAA60087EFB0 /* TabBar-Gengduo-Blue.png in Resources */ = {isa = PBXBuildFile; fileRef = 45BEA7CD1B61EAA60087EFB0 /* TabBar-Gengduo-Blue.png */; };
		45BEA7E61B61EAA60087EFB0 /* TabBar-Gengduo-Blue@2x.png in Resources */ = {isa = PBXBuildFile; fileRef = 45BEA7CE1B61EAA60087EFB0 /* TabBar-Gengduo-Blue@2x.png */; };
		45BEA7E71B61EAA60087EFB0 /* TabBar-Gengduo-Blue@3x.png in Resources */ = {isa = PBXBuildFile; fileRef = 45BEA7CF1B61EAA60087EFB0 /* TabBar-Gengduo-Blue@3x.png */; };
		45BEA7E81B61EAA60087EFB0 /* TabBar-Gengduo-Grey.png in Resources */ = {isa = PBXBuildFile; fileRef = 45BEA7D01B61EAA60087EFB0 /* TabBar-Gengduo-Grey.png */; };
		45BEA7E91B61EAA60087EFB0 /* TabBar-Gengduo-Grey@2x.png in Resources */ = {isa = PBXBuildFile; fileRef = 45BEA7D11B61EAA60087EFB0 /* TabBar-Gengduo-Grey@2x.png */; };
		45BEA7EA1B61EAA60087EFB0 /* TabBar-Gengduo-Grey@3x.png in Resources */ = {isa = PBXBuildFile; fileRef = 45BEA7D21B61EAA60087EFB0 /* TabBar-Gengduo-Grey@3x.png */; };
		45BEA7EB1B61EAA60087EFB0 /* TabBar-Xiaoxi-Blue.png in Resources */ = {isa = PBXBuildFile; fileRef = 45BEA7D31B61EAA60087EFB0 /* TabBar-Xiaoxi-Blue.png */; };
		45BEA7EC1B61EAA60087EFB0 /* TabBar-Xiaoxi-Blue@2x.png in Resources */ = {isa = PBXBuildFile; fileRef = 45BEA7D41B61EAA60087EFB0 /* TabBar-Xiaoxi-Blue@2x.png */; };
		45BEA7ED1B61EAA60087EFB0 /* TabBar-Xiaoxi-Blue@3x.png in Resources */ = {isa = PBXBuildFile; fileRef = 45BEA7D51B61EAA60087EFB0 /* TabBar-Xiaoxi-Blue@3x.png */; };
		45BEA7EE1B61EAA60087EFB0 /* TabBar-Xiaoxi-Grey.png in Resources */ = {isa = PBXBuildFile; fileRef = 45BEA7D61B61EAA60087EFB0 /* TabBar-Xiaoxi-Grey.png */; };
		45BEA7EF1B61EAA60087EFB0 /* TabBar-Xiaoxi-Grey@2x.png in Resources */ = {isa = PBXBuildFile; fileRef = 45BEA7D71B61EAA60087EFB0 /* TabBar-Xiaoxi-Grey@2x.png */; };
		45BEA7F01B61EAA60087EFB0 /* TabBar-Xiaoxi-Grey@3x.png in Resources */ = {isa = PBXBuildFile; fileRef = 45BEA7D81B61EAA60087EFB0 /* TabBar-Xiaoxi-Grey@3x.png */; };
		45BEA7F11B61EAA60087EFB0 /* TabBar-Zuoxi-Blue.png in Resources */ = {isa = PBXBuildFile; fileRef = 45BEA7D91B61EAA60087EFB0 /* TabBar-Zuoxi-Blue.png */; };
		45BEA7F21B61EAA60087EFB0 /* TabBar-Zuoxi-Blue@2x.png in Resources */ = {isa = PBXBuildFile; fileRef = 45BEA7DA1B61EAA60087EFB0 /* TabBar-Zuoxi-Blue@2x.png */; };
		45BEA7F31B61EAA60087EFB0 /* TabBar-Zuoxi-Blue@3x.png in Resources */ = {isa = PBXBuildFile; fileRef = 45BEA7DB1B61EAA60087EFB0 /* TabBar-Zuoxi-Blue@3x.png */; };
		45BEA7F41B61EAA60087EFB0 /* TabBar-Zuoxi-Grey.png in Resources */ = {isa = PBXBuildFile; fileRef = 45BEA7DC1B61EAA60087EFB0 /* TabBar-Zuoxi-Grey.png */; };
		45BEA7F51B61EAA60087EFB0 /* TabBar-Zuoxi-Grey@2x.png in Resources */ = {isa = PBXBuildFile; fileRef = 45BEA7DD1B61EAA60087EFB0 /* TabBar-Zuoxi-Grey@2x.png */; };
		45BEA7F61B61EAA60087EFB0 /* TabBar-Zuoxi-Grey@3x.png in Resources */ = {isa = PBXBuildFile; fileRef = 45BEA7DE1B61EAA60087EFB0 /* TabBar-Zuoxi-Grey@3x.png */; };
		45BEA8001B61EAC50087EFB0 /* TopBar-Rili.png in Resources */ = {isa = PBXBuildFile; fileRef = 45BEA7FA1B61EAC50087EFB0 /* TopBar-Rili.png */; };
		45BEA8011B61EAC50087EFB0 /* TopBar-Rili@2x.png in Resources */ = {isa = PBXBuildFile; fileRef = 45BEA7FB1B61EAC50087EFB0 /* TopBar-Rili@2x.png */; };
		45BEA8021B61EAC50087EFB0 /* TopBar-Rili@3x.png in Resources */ = {isa = PBXBuildFile; fileRef = 45BEA7FC1B61EAC50087EFB0 /* TopBar-Rili@3x.png */; };
		45BEA8041B61EFC00087EFB0 /* Tab Bar-KId@3x.png in Resources */ = {isa = PBXBuildFile; fileRef = 45BEA8031B61EFC00087EFB0 /* Tab Bar-KId@3x.png */; };
		45BEA80B1B61FEA30087EFB0 /* BabyPhoto-TopBar.png in Resources */ = {isa = PBXBuildFile; fileRef = 45BEA8051B61FEA30087EFB0 /* BabyPhoto-TopBar.png */; };
		45BEA80C1B61FEA30087EFB0 /* BabyPhoto-TopBar@2x.png in Resources */ = {isa = PBXBuildFile; fileRef = 45BEA8061B61FEA30087EFB0 /* BabyPhoto-TopBar@2x.png */; };
		45BEA80D1B61FEA30087EFB0 /* BabyPhoto-TopBar@3x.png in Resources */ = {isa = PBXBuildFile; fileRef = 45BEA8071B61FEA30087EFB0 /* BabyPhoto-TopBar@3x.png */; };
		45BEA80E1B61FEA30087EFB0 /* TeacherPhoto-TopBar.png in Resources */ = {isa = PBXBuildFile; fileRef = 45BEA8081B61FEA30087EFB0 /* TeacherPhoto-TopBar.png */; };
		45BEA80F1B61FEA30087EFB0 /* TeacherPhoto-TopBar@2x.png in Resources */ = {isa = PBXBuildFile; fileRef = 45BEA8091B61FEA30087EFB0 /* TeacherPhoto-TopBar@2x.png */; };
		45BEA8101B61FEA30087EFB0 /* TeacherPhoto-TopBar@3x.png in Resources */ = {isa = PBXBuildFile; fileRef = 45BEA80A1B61FEA30087EFB0 /* TeacherPhoto-TopBar@3x.png */; };
		45BEA8131B62CE140087EFB0 /* StarFull@2x.png in Resources */ = {isa = PBXBuildFile; fileRef = 45BEA8111B62CE140087EFB0 /* StarFull@2x.png */; };
		45BEA8141B62CE140087EFB0 /* StarEmpty@2x.png in Resources */ = {isa = PBXBuildFile; fileRef = 45BEA8121B62CE140087EFB0 /* StarEmpty@2x.png */; };
		45BEA8181B658AD80087EFB0 /* Logo.png in Resources */ = {isa = PBXBuildFile; fileRef = 45BEA8171B658AD80087EFB0 /* Logo.png */; };
		45DB02D21B5AADC400EA754D /* TestRongCloud.m in Sources */ = {isa = PBXBuildFile; fileRef = 45DB02D11B5AADC400EA754D /* TestRongCloud.m */; };
		45DB02D71B5AAE3D00EA754D /* ChatViewController.swift in Sources */ = {isa = PBXBuildFile; fileRef = 45DB02D61B5AAE3D00EA754D /* ChatViewController.swift */; };
		45E3552C1B578B350085770B /* DKImagePickerController.swift in Sources */ = {isa = PBXBuildFile; fileRef = 45E3552B1B578B350085770B /* DKImagePickerController.swift */; };
		45E3552E1B578B460085770B /* AssetsLibrary.framework in Frameworks */ = {isa = PBXBuildFile; fileRef = 45E3552D1B578B460085770B /* AssetsLibrary.framework */; };
		45E355361B5892350085770B /* MessageTableViewController.swift in Sources */ = {isa = PBXBuildFile; fileRef = 45E355351B5892350085770B /* MessageTableViewController.swift */; };
		45E3553B1B58944B0085770B /* MessageTableViewCell.swift in Sources */ = {isa = PBXBuildFile; fileRef = 45E3553A1B58944B0085770B /* MessageTableViewCell.swift */; };
/* End PBXBuildFile section */

/* Begin PBXCopyFilesBuildPhase section */
		45FBD6A51B3A8A3200A33663 /* Embed Frameworks */ = {
			isa = PBXCopyFilesBuildPhase;
			buildActionMask = 2147483647;
			dstPath = "";
			dstSubfolderSpec = 10;
			files = (
			);
			name = "Embed Frameworks";
			runOnlyForDeploymentPostprocessing = 0;
		};
/* End PBXCopyFilesBuildPhase section */

/* Begin PBXFileReference section */
		2324B3A9BABA6D45BEA4F995 /* Pods.debug.xcconfig */ = {isa = PBXFileReference; includeInIndex = 1; lastKnownFileType = text.xcconfig; name = Pods.debug.xcconfig; path = "Pods/Target Support Files/Pods/Pods.debug.xcconfig"; sourceTree = "<group>"; };
		45180A701B5B7AE3008B1FF9 /* Stars-3@2x.png */ = {isa = PBXFileReference; lastKnownFileType = image.png; name = "Stars-3@2x.png"; path = "Resources/stars/Stars-3@2x.png"; sourceTree = "<group>"; };
		45180A711B5B7AE3008B1FF9 /* Stars-3@3x.png */ = {isa = PBXFileReference; lastKnownFileType = image.png; name = "Stars-3@3x.png"; path = "Resources/stars/Stars-3@3x.png"; sourceTree = "<group>"; };
		45180A721B5B7AE3008B1FF9 /* Stars-4.png */ = {isa = PBXFileReference; lastKnownFileType = image.png; name = "Stars-4.png"; path = "Resources/stars/Stars-4.png"; sourceTree = "<group>"; };
		45180A731B5B7AE3008B1FF9 /* Stars-4@2x.png */ = {isa = PBXFileReference; lastKnownFileType = image.png; name = "Stars-4@2x.png"; path = "Resources/stars/Stars-4@2x.png"; sourceTree = "<group>"; };
		45180A741B5B7AE3008B1FF9 /* Stars-4@3x.png */ = {isa = PBXFileReference; lastKnownFileType = image.png; name = "Stars-4@3x.png"; path = "Resources/stars/Stars-4@3x.png"; sourceTree = "<group>"; };
		45180A751B5B7AE3008B1FF9 /* Stars-5.png */ = {isa = PBXFileReference; lastKnownFileType = image.png; name = "Stars-5.png"; path = "Resources/stars/Stars-5.png"; sourceTree = "<group>"; };
		45180A761B5B7AE3008B1FF9 /* Stars-5@2x.png */ = {isa = PBXFileReference; lastKnownFileType = image.png; name = "Stars-5@2x.png"; path = "Resources/stars/Stars-5@2x.png"; sourceTree = "<group>"; };
		45180A771B5B7AE3008B1FF9 /* Stars-5@3x.png */ = {isa = PBXFileReference; lastKnownFileType = image.png; name = "Stars-5@3x.png"; path = "Resources/stars/Stars-5@3x.png"; sourceTree = "<group>"; };
		45180A781B5B7AE3008B1FF9 /* Stars-1.png */ = {isa = PBXFileReference; lastKnownFileType = image.png; name = "Stars-1.png"; path = "Resources/stars/Stars-1.png"; sourceTree = "<group>"; };
		45180A791B5B7AE3008B1FF9 /* Stars-1@2x.png */ = {isa = PBXFileReference; lastKnownFileType = image.png; name = "Stars-1@2x.png"; path = "Resources/stars/Stars-1@2x.png"; sourceTree = "<group>"; };
		45180A7A1B5B7AE3008B1FF9 /* Stars-1@3x.png */ = {isa = PBXFileReference; lastKnownFileType = image.png; name = "Stars-1@3x.png"; path = "Resources/stars/Stars-1@3x.png"; sourceTree = "<group>"; };
		45180A7B1B5B7AE3008B1FF9 /* Stars-2.png */ = {isa = PBXFileReference; lastKnownFileType = image.png; name = "Stars-2.png"; path = "Resources/stars/Stars-2.png"; sourceTree = "<group>"; };
		45180A7C1B5B7AE3008B1FF9 /* Stars-2@2x.png */ = {isa = PBXFileReference; lastKnownFileType = image.png; name = "Stars-2@2x.png"; path = "Resources/stars/Stars-2@2x.png"; sourceTree = "<group>"; };
		45180A7D1B5B7AE3008B1FF9 /* Stars-2@3x.png */ = {isa = PBXFileReference; lastKnownFileType = image.png; name = "Stars-2@3x.png"; path = "Resources/stars/Stars-2@3x.png"; sourceTree = "<group>"; };
		45180A7E1B5B7AE3008B1FF9 /* Stars-3.png */ = {isa = PBXFileReference; lastKnownFileType = image.png; name = "Stars-3.png"; path = "Resources/stars/Stars-3.png"; sourceTree = "<group>"; };
		45180A7F1B5B7AE3008B1FF9 /* stars_1.png */ = {isa = PBXFileReference; lastKnownFileType = image.png; name = stars_1.png; path = Resources/stars/stars_1.png; sourceTree = "<group>"; };
		45180A801B5B7AE3008B1FF9 /* stars_2.png */ = {isa = PBXFileReference; lastKnownFileType = image.png; name = stars_2.png; path = Resources/stars/stars_2.png; sourceTree = "<group>"; };
		45180A811B5B7AE3008B1FF9 /* stars_3.png */ = {isa = PBXFileReference; lastKnownFileType = image.png; name = stars_3.png; path = Resources/stars/stars_3.png; sourceTree = "<group>"; };
		45180A821B5B7AE3008B1FF9 /* stars_4.png */ = {isa = PBXFileReference; lastKnownFileType = image.png; name = stars_4.png; path = Resources/stars/stars_4.png; sourceTree = "<group>"; };
		45180A831B5B7AE3008B1FF9 /* stars_5.png */ = {isa = PBXFileReference; lastKnownFileType = image.png; name = stars_5.png; path = Resources/stars/stars_5.png; sourceTree = "<group>"; };
		45180ACC1B5B7B4D008B1FF9 /* login_bg-568h@2x.png */ = {isa = PBXFileReference; lastKnownFileType = image.png; name = "login_bg-568h@2x.png"; path = "Resources/misc/login_bg-568h@2x.png"; sourceTree = "<group>"; };
		45180ACD1B5B7B4D008B1FF9 /* login_bg.png */ = {isa = PBXFileReference; lastKnownFileType = image.png; name = login_bg.png; path = Resources/misc/login_bg.png; sourceTree = "<group>"; };
		45180ACE1B5B7B4D008B1FF9 /* login_bg@2x.png */ = {isa = PBXFileReference; lastKnownFileType = image.png; name = "login_bg@2x.png"; path = "Resources/misc/login_bg@2x.png"; sourceTree = "<group>"; };
		45180AD21B5B7B9D008B1FF9 /* AddDailyLogForOneBabyViewController.swift */ = {isa = PBXFileReference; fileEncoding = 4; lastKnownFileType = sourcecode.swift; path = AddDailyLogForOneBabyViewController.swift; sourceTree = "<group>"; };
		4519B3F21B66176800E200A5 /* Icon-29.png */ = {isa = PBXFileReference; lastKnownFileType = image.png; path = "Icon-29.png"; sourceTree = "<group>"; };
		4519B3F31B66176800E200A5 /* Icon-40.png */ = {isa = PBXFileReference; lastKnownFileType = image.png; path = "Icon-40.png"; sourceTree = "<group>"; };
		4519B3F41B66176800E200A5 /* Icon-58.png */ = {isa = PBXFileReference; lastKnownFileType = image.png; path = "Icon-58.png"; sourceTree = "<group>"; };
		4519B3F51B66176800E200A5 /* Icon-76.png */ = {isa = PBXFileReference; lastKnownFileType = image.png; path = "Icon-76.png"; sourceTree = "<group>"; };
		4519B3F61B66176800E200A5 /* Icon-80.png */ = {isa = PBXFileReference; lastKnownFileType = image.png; path = "Icon-80.png"; sourceTree = "<group>"; };
		4519B3F71B66176800E200A5 /* Icon-87.png */ = {isa = PBXFileReference; lastKnownFileType = image.png; path = "Icon-87.png"; sourceTree = "<group>"; };
		4519B3F81B66176800E200A5 /* Icon-120.png */ = {isa = PBXFileReference; lastKnownFileType = image.png; path = "Icon-120.png"; sourceTree = "<group>"; };
		4519B3F91B66176800E200A5 /* Icon-152.png */ = {isa = PBXFileReference; lastKnownFileType = image.png; path = "Icon-152.png"; sourceTree = "<group>"; };
		4519B3FA1B66176800E200A5 /* Icon-180.png */ = {isa = PBXFileReference; lastKnownFileType = image.png; path = "Icon-180.png"; sourceTree = "<group>"; };
		4519B3FB1B66176800E200A5 /* Icon-1024.png */ = {isa = PBXFileReference; lastKnownFileType = image.png; path = "Icon-1024.png"; sourceTree = "<group>"; };
		4519B4071B66194D00E200A5 /* default-568h@2x.png */ = {isa = PBXFileReference; lastKnownFileType = image.png; path = "default-568h@2x.png"; sourceTree = "<group>"; };
		4519B4081B66194D00E200A5 /* default@2x.png */ = {isa = PBXFileReference; lastKnownFileType = image.png; path = "default@2x.png"; sourceTree = "<group>"; };
		45210B4F1B4F2B69004A2EFB /* Globals.swift */ = {isa = PBXFileReference; fileEncoding = 4; lastKnownFileType = sourcecode.swift; path = Globals.swift; sourceTree = "<group>"; };
		45210B541B4F4C7B004A2EFB /* UIViewControllerForWebAPI.swift */ = {isa = PBXFileReference; fileEncoding = 4; lastKnownFileType = sourcecode.swift; path = UIViewControllerForWebAPI.swift; sourceTree = "<group>"; };
		453E2B1B1B35492800500E31 /* BabyLog_Swift.app */ = {isa = PBXFileReference; explicitFileType = wrapper.application; includeInIndex = 0; path = BabyLog_Swift.app; sourceTree = BUILT_PRODUCTS_DIR; };
		453E2B1E1B35492800500E31 /* AppDelegate.swift */ = {isa = PBXFileReference; lastKnownFileType = sourcecode.swift; path = AppDelegate.swift; sourceTree = "<group>"; };
		453E2B201B35492800500E31 /* LoginViewController.swift */ = {isa = PBXFileReference; lastKnownFileType = sourcecode.swift; path = LoginViewController.swift; sourceTree = "<group>"; };
		453E2B231B35492800500E31 /* Base */ = {isa = PBXFileReference; lastKnownFileType = file.storyboard; name = Base; path = Base.lproj/Main.storyboard; sourceTree = "<group>"; };
		453E2B251B35492800500E31 /* Assets.xcassets */ = {isa = PBXFileReference; lastKnownFileType = folder.assetcatalog; path = Assets.xcassets; sourceTree = "<group>"; };
		453E2B2A1B35492800500E31 /* Info.plist */ = {isa = PBXFileReference; lastKnownFileType = text.plist.xml; path = Info.plist; sourceTree = "<group>"; };
		457E226E1B78368000CDA4CC /* MoreTableViewController.swift */ = {isa = PBXFileReference; fileEncoding = 4; lastKnownFileType = sourcecode.swift; path = MoreTableViewController.swift; sourceTree = "<group>"; };
		457E22701B79589300CDA4CC /* CreateClassViewController.swift */ = {isa = PBXFileReference; fileEncoding = 4; lastKnownFileType = sourcecode.swift; path = CreateClassViewController.swift; sourceTree = "<group>"; };
		457E22781B7D155D00CDA4CC /* TeacherInfoViewController.swift */ = {isa = PBXFileReference; fileEncoding = 4; lastKnownFileType = sourcecode.swift; path = TeacherInfoViewController.swift; sourceTree = "<group>"; };
		45A7E8B81B3E6E0B00748A6F /* KeleCalCellView.swift */ = {isa = PBXFileReference; fileEncoding = 4; lastKnownFileType = sourcecode.swift; path = KeleCalCellView.swift; sourceTree = "<group>"; };
		45A7E8B91B3E6E0B00748A6F /* KeleCalData.swift */ = {isa = PBXFileReference; fileEncoding = 4; lastKnownFileType = sourcecode.swift; path = KeleCalData.swift; sourceTree = "<group>"; };
		45A7E8BA1B3E6E0B00748A6F /* KeleCalDelegate.swift */ = {isa = PBXFileReference; fileEncoding = 4; lastKnownFileType = sourcecode.swift; path = KeleCalDelegate.swift; sourceTree = "<group>"; };
		45A7E8BB1B3E6E0B00748A6F /* keleCalMainView.swift */ = {isa = PBXFileReference; fileEncoding = 4; lastKnownFileType = sourcecode.swift; path = keleCalMainView.swift; sourceTree = "<group>"; };
		45A7E8BC1B3E6E0B00748A6F /* KeleCalMonthView.swift */ = {isa = PBXFileReference; fileEncoding = 4; lastKnownFileType = sourcecode.swift; path = KeleCalMonthView.swift; sourceTree = "<group>"; };
		45A7E8BD1B3E6E0B00748A6F /* keleDraw.swift */ = {isa = PBXFileReference; fileEncoding = 4; lastKnownFileType = sourcecode.swift; path = keleDraw.swift; sourceTree = "<group>"; };
		45A7E8C41B3E6E5B00748A6F /* KeleCalendarViewController.swift */ = {isa = PBXFileReference; fileEncoding = 4; lastKnownFileType = sourcecode.swift; path = KeleCalendarViewController.swift; sourceTree = "<group>"; };
		45A7E8C71B3E8FB400748A6F /* DailyLogItem.swift */ = {isa = PBXFileReference; fileEncoding = 4; lastKnownFileType = sourcecode.swift; path = DailyLogItem.swift; sourceTree = "<group>"; };
		45A7E8C91B3E933400748A6F /* SwiftyJSON.swift */ = {isa = PBXFileReference; fileEncoding = 4; lastKnownFileType = sourcecode.swift; path = SwiftyJSON.swift; sourceTree = "<group>"; };
		45A7E8CB1B3F128500748A6F /* AddDailyLogViewController.swift */ = {isa = PBXFileReference; fileEncoding = 4; lastKnownFileType = sourcecode.swift; path = AddDailyLogViewController.swift; sourceTree = "<group>"; };
		45A7E8DA1B4103D700748A6F /* LogTabViewController.swift */ = {isa = PBXFileReference; fileEncoding = 4; lastKnownFileType = sourcecode.swift; path = LogTabViewController.swift; sourceTree = "<group>"; };
		45A7E8DC1B43431800748A6F /* LogItemTableViewCell.swift */ = {isa = PBXFileReference; fileEncoding = 4; lastKnownFileType = sourcecode.swift; path = LogItemTableViewCell.swift; sourceTree = "<group>"; };
		45A7E9741B4776A600748A6F /* ClassViewController.swift */ = {isa = PBXFileReference; fileEncoding = 4; lastKnownFileType = sourcecode.swift; path = ClassViewController.swift; sourceTree = "<group>"; };
		45A7E9761B479B6400748A6F /* ClassBabyInfoCollectionViewCell.swift */ = {isa = PBXFileReference; fileEncoding = 4; lastKnownFileType = sourcecode.swift; path = ClassBabyInfoCollectionViewCell.swift; sourceTree = "<group>"; };
		45A7E9801B49AF4F00748A6F /* FloatRatingView.swift */ = {isa = PBXFileReference; fileEncoding = 4; lastKnownFileType = sourcecode.swift; path = FloatRatingView.swift; sourceTree = "<group>"; };
		45A7E9821B49C03C00748A6F /* BabyStarViewController.swift */ = {isa = PBXFileReference; fileEncoding = 4; lastKnownFileType = sourcecode.swift; path = BabyStarViewController.swift; sourceTree = "<group>"; };
		45A7E9841B49C16200748A6F /* BabyStarTableViewCell.swift */ = {isa = PBXFileReference; fileEncoding = 4; lastKnownFileType = sourcecode.swift; path = BabyStarTableViewCell.swift; sourceTree = "<group>"; };
		45A7E9861B49D89200748A6F /* AddDailyLogPerBabyViewController.swift */ = {isa = PBXFileReference; fileEncoding = 4; lastKnownFileType = sourcecode.swift; path = AddDailyLogPerBabyViewController.swift; sourceTree = "<group>"; };
		45BEA6A61B5C88B90087EFB0 /* Alamofire.h */ = {isa = PBXFileReference; fileEncoding = 4; lastKnownFileType = sourcecode.c.h; path = Alamofire.h; sourceTree = "<group>"; };
		45BEA6A71B5C88B90087EFB0 /* Alamofire.swift */ = {isa = PBXFileReference; fileEncoding = 4; lastKnownFileType = sourcecode.swift; path = Alamofire.swift; sourceTree = "<group>"; };
		45BEA6A81B5C88B90087EFB0 /* Download.swift */ = {isa = PBXFileReference; fileEncoding = 4; lastKnownFileType = sourcecode.swift; path = Download.swift; sourceTree = "<group>"; };
		45BEA6A91B5C88B90087EFB0 /* Manager.swift */ = {isa = PBXFileReference; fileEncoding = 4; lastKnownFileType = sourcecode.swift; path = Manager.swift; sourceTree = "<group>"; };
		45BEA6AA1B5C88B90087EFB0 /* MultipartFormData.swift */ = {isa = PBXFileReference; fileEncoding = 4; lastKnownFileType = sourcecode.swift; path = MultipartFormData.swift; sourceTree = "<group>"; };
		45BEA6AB1B5C88B90087EFB0 /* ParameterEncoding.swift */ = {isa = PBXFileReference; fileEncoding = 4; lastKnownFileType = sourcecode.swift; path = ParameterEncoding.swift; sourceTree = "<group>"; };
		45BEA6AC1B5C88B90087EFB0 /* Request.swift */ = {isa = PBXFileReference; fileEncoding = 4; lastKnownFileType = sourcecode.swift; path = Request.swift; sourceTree = "<group>"; };
		45BEA6AD1B5C88B90087EFB0 /* ResponseSerialization.swift */ = {isa = PBXFileReference; fileEncoding = 4; lastKnownFileType = sourcecode.swift; path = ResponseSerialization.swift; sourceTree = "<group>"; };
		45BEA6AE1B5C88B90087EFB0 /* Upload.swift */ = {isa = PBXFileReference; fileEncoding = 4; lastKnownFileType = sourcecode.swift; path = Upload.swift; sourceTree = "<group>"; };
		45BEA6AF1B5C88B90087EFB0 /* Validation.swift */ = {isa = PBXFileReference; fileEncoding = 4; lastKnownFileType = sourcecode.swift; path = Validation.swift; sourceTree = "<group>"; };
		45BEA6B91B5EA29F0087EFB0 /* PgySDK.framework */ = {isa = PBXFileReference; lastKnownFileType = wrapper.framework; path = PgySDK.framework; sourceTree = "<group>"; };
		45BEA6BB1B5EA2BD0087EFB0 /* CoreTelephony.framework */ = {isa = PBXFileReference; lastKnownFileType = wrapper.framework; name = CoreTelephony.framework; path = System/Library/Frameworks/CoreTelephony.framework; sourceTree = SDKROOT; };
		45BEA6BD1B5EA2C50087EFB0 /* OpenGLES.framework */ = {isa = PBXFileReference; lastKnownFileType = wrapper.framework; name = OpenGLES.framework; path = System/Library/Frameworks/OpenGLES.framework; sourceTree = SDKROOT; };
		45BEA6BF1B5EA2D20087EFB0 /* SceneKit.framework */ = {isa = PBXFileReference; lastKnownFileType = wrapper.framework; name = SceneKit.framework; path = System/Library/Frameworks/SceneKit.framework; sourceTree = SDKROOT; };
		45BEA6C11B5EA2DA0087EFB0 /* CoreMotion.framework */ = {isa = PBXFileReference; lastKnownFileType = wrapper.framework; name = CoreMotion.framework; path = System/Library/Frameworks/CoreMotion.framework; sourceTree = SDKROOT; };
		45BEA6C31B5EA2E40087EFB0 /* AudioToolbox.framework */ = {isa = PBXFileReference; lastKnownFileType = wrapper.framework; name = AudioToolbox.framework; path = System/Library/Frameworks/AudioToolbox.framework; sourceTree = SDKROOT; };
		45BEA6C51B5EA2EC0087EFB0 /* AVFoundation.framework */ = {isa = PBXFileReference; lastKnownFileType = wrapper.framework; name = AVFoundation.framework; path = System/Library/Frameworks/AVFoundation.framework; sourceTree = SDKROOT; };
		45BEA6C71B5EA2F30087EFB0 /* SystemConfiguration.framework */ = {isa = PBXFileReference; lastKnownFileType = wrapper.framework; name = SystemConfiguration.framework; path = System/Library/Frameworks/SystemConfiguration.framework; sourceTree = SDKROOT; };
		45BEA6C91B6149040087EFB0 /* activity_2.png */ = {isa = PBXFileReference; lastKnownFileType = image.png; name = activity_2.png; path = Resources/activity_icons/activity_2.png; sourceTree = "<group>"; };
		45BEA6CA1B6149040087EFB0 /* activity_2@2x.png */ = {isa = PBXFileReference; lastKnownFileType = image.png; name = "activity_2@2x.png"; path = "Resources/activity_icons/activity_2@2x.png"; sourceTree = "<group>"; };
		45BEA6CB1B6149040087EFB0 /* activity_2@3x.png */ = {isa = PBXFileReference; lastKnownFileType = image.png; name = "activity_2@3x.png"; path = "Resources/activity_icons/activity_2@3x.png"; sourceTree = "<group>"; };
		45BEA6CC1B6149040087EFB0 /* activity_4@3x.png */ = {isa = PBXFileReference; lastKnownFileType = image.png; name = "activity_4@3x.png"; path = "Resources/activity_icons/activity_4@3x.png"; sourceTree = "<group>"; };
		45BEA6CD1B6149040087EFB0 /* activity_11.png */ = {isa = PBXFileReference; lastKnownFileType = image.png; name = activity_11.png; path = Resources/activity_icons/activity_11.png; sourceTree = "<group>"; };
		45BEA6CE1B6149040087EFB0 /* activity_11@2x.png */ = {isa = PBXFileReference; lastKnownFileType = image.png; name = "activity_11@2x.png"; path = "Resources/activity_icons/activity_11@2x.png"; sourceTree = "<group>"; };
		45BEA6CF1B6149040087EFB0 /* activity_11@3x.png */ = {isa = PBXFileReference; lastKnownFileType = image.png; name = "activity_11@3x.png"; path = "Resources/activity_icons/activity_11@3x.png"; sourceTree = "<group>"; };
		45BEA6D01B6149040087EFB0 /* activity_14.png */ = {isa = PBXFileReference; lastKnownFileType = image.png; name = activity_14.png; path = Resources/activity_icons/activity_14.png; sourceTree = "<group>"; };
		45BEA6D11B6149040087EFB0 /* activity_14@2x.png */ = {isa = PBXFileReference; lastKnownFileType = image.png; name = "activity_14@2x.png"; path = "Resources/activity_icons/activity_14@2x.png"; sourceTree = "<group>"; };
		45BEA6D21B6149040087EFB0 /* activity_14@3x.png */ = {isa = PBXFileReference; lastKnownFileType = image.png; name = "activity_14@3x.png"; path = "Resources/activity_icons/activity_14@3x.png"; sourceTree = "<group>"; };
		45BEA6D31B6149040087EFB0 /* activity_15.png */ = {isa = PBXFileReference; lastKnownFileType = image.png; name = activity_15.png; path = Resources/activity_icons/activity_15.png; sourceTree = "<group>"; };
		45BEA6D41B6149040087EFB0 /* activity_15@2x.png */ = {isa = PBXFileReference; lastKnownFileType = image.png; name = "activity_15@2x.png"; path = "Resources/activity_icons/activity_15@2x.png"; sourceTree = "<group>"; };
		45BEA6D51B6149040087EFB0 /* activity_15@3x.png */ = {isa = PBXFileReference; lastKnownFileType = image.png; name = "activity_15@3x.png"; path = "Resources/activity_icons/activity_15@3x.png"; sourceTree = "<group>"; };
		45BEA6D61B6149040087EFB0 /* activity_1.png */ = {isa = PBXFileReference; lastKnownFileType = image.png; name = activity_1.png; path = Resources/activity_icons/activity_1.png; sourceTree = "<group>"; };
		45BEA6D71B6149040087EFB0 /* activity_1@2x.png */ = {isa = PBXFileReference; lastKnownFileType = image.png; name = "activity_1@2x.png"; path = "Resources/activity_icons/activity_1@2x.png"; sourceTree = "<group>"; };
		45BEA6D81B6149040087EFB0 /* activity_1@3x.png */ = {isa = PBXFileReference; lastKnownFileType = image.png; name = "activity_1@3x.png"; path = "Resources/activity_icons/activity_1@3x.png"; sourceTree = "<group>"; };
		45BEA6D91B6149040087EFB0 /* activity_3.png */ = {isa = PBXFileReference; lastKnownFileType = image.png; name = activity_3.png; path = Resources/activity_icons/activity_3.png; sourceTree = "<group>"; };
		45BEA6DA1B6149040087EFB0 /* activity_3@2x.png */ = {isa = PBXFileReference; lastKnownFileType = image.png; name = "activity_3@2x.png"; path = "Resources/activity_icons/activity_3@2x.png"; sourceTree = "<group>"; };
		45BEA6DB1B6149040087EFB0 /* activity_3@3x.png */ = {isa = PBXFileReference; lastKnownFileType = image.png; name = "activity_3@3x.png"; path = "Resources/activity_icons/activity_3@3x.png"; sourceTree = "<group>"; };
		45BEA6DC1B6149040087EFB0 /* activity_4.png */ = {isa = PBXFileReference; lastKnownFileType = image.png; name = activity_4.png; path = Resources/activity_icons/activity_4.png; sourceTree = "<group>"; };
		45BEA6DD1B6149040087EFB0 /* activity_4@2x.png */ = {isa = PBXFileReference; lastKnownFileType = image.png; name = "activity_4@2x.png"; path = "Resources/activity_icons/activity_4@2x.png"; sourceTree = "<group>"; };
		45BEA6DE1B6149040087EFB0 /* activity_5.png */ = {isa = PBXFileReference; lastKnownFileType = image.png; name = activity_5.png; path = Resources/activity_icons/activity_5.png; sourceTree = "<group>"; };
		45BEA6DF1B6149040087EFB0 /* activity_5@2x.png */ = {isa = PBXFileReference; lastKnownFileType = image.png; name = "activity_5@2x.png"; path = "Resources/activity_icons/activity_5@2x.png"; sourceTree = "<group>"; };
		45BEA6E01B6149040087EFB0 /* activity_5@3x.png */ = {isa = PBXFileReference; lastKnownFileType = image.png; name = "activity_5@3x.png"; path = "Resources/activity_icons/activity_5@3x.png"; sourceTree = "<group>"; };
		45BEA6E11B6149040087EFB0 /* activity_6.png */ = {isa = PBXFileReference; lastKnownFileType = image.png; name = activity_6.png; path = Resources/activity_icons/activity_6.png; sourceTree = "<group>"; };
		45BEA6E21B6149040087EFB0 /* activity_6@2x.png */ = {isa = PBXFileReference; lastKnownFileType = image.png; name = "activity_6@2x.png"; path = "Resources/activity_icons/activity_6@2x.png"; sourceTree = "<group>"; };
		45BEA6E31B6149040087EFB0 /* activity_6@3x.png */ = {isa = PBXFileReference; lastKnownFileType = image.png; name = "activity_6@3x.png"; path = "Resources/activity_icons/activity_6@3x.png"; sourceTree = "<group>"; };
		45BEA6E41B6149040087EFB0 /* activity_7.png */ = {isa = PBXFileReference; lastKnownFileType = image.png; name = activity_7.png; path = Resources/activity_icons/activity_7.png; sourceTree = "<group>"; };
		45BEA6E51B6149040087EFB0 /* activity_7@2x.png */ = {isa = PBXFileReference; lastKnownFileType = image.png; name = "activity_7@2x.png"; path = "Resources/activity_icons/activity_7@2x.png"; sourceTree = "<group>"; };
		45BEA6E61B6149040087EFB0 /* activity_7@3x.png */ = {isa = PBXFileReference; lastKnownFileType = image.png; name = "activity_7@3x.png"; path = "Resources/activity_icons/activity_7@3x.png"; sourceTree = "<group>"; };
		45BEA6E71B6149040087EFB0 /* activity_8.png */ = {isa = PBXFileReference; lastKnownFileType = image.png; name = activity_8.png; path = Resources/activity_icons/activity_8.png; sourceTree = "<group>"; };
		45BEA6E81B6149040087EFB0 /* activity_8@2x.png */ = {isa = PBXFileReference; lastKnownFileType = image.png; name = "activity_8@2x.png"; path = "Resources/activity_icons/activity_8@2x.png"; sourceTree = "<group>"; };
		45BEA6E91B6149040087EFB0 /* activity_8@3x.png */ = {isa = PBXFileReference; lastKnownFileType = image.png; name = "activity_8@3x.png"; path = "Resources/activity_icons/activity_8@3x.png"; sourceTree = "<group>"; };
		45BEA6EA1B6149040087EFB0 /* activity_9.png */ = {isa = PBXFileReference; lastKnownFileType = image.png; name = activity_9.png; path = Resources/activity_icons/activity_9.png; sourceTree = "<group>"; };
		45BEA6EB1B6149050087EFB0 /* activity_9@2x.png */ = {isa = PBXFileReference; lastKnownFileType = image.png; name = "activity_9@2x.png"; path = "Resources/activity_icons/activity_9@2x.png"; sourceTree = "<group>"; };
		45BEA6EC1B6149050087EFB0 /* activity_9@3x.png */ = {isa = PBXFileReference; lastKnownFileType = image.png; name = "activity_9@3x.png"; path = "Resources/activity_icons/activity_9@3x.png"; sourceTree = "<group>"; };
		45BEA6ED1B6149050087EFB0 /* activity_10.png */ = {isa = PBXFileReference; lastKnownFileType = image.png; name = activity_10.png; path = Resources/activity_icons/activity_10.png; sourceTree = "<group>"; };
		45BEA6EE1B6149050087EFB0 /* activity_10@2x.png */ = {isa = PBXFileReference; lastKnownFileType = image.png; name = "activity_10@2x.png"; path = "Resources/activity_icons/activity_10@2x.png"; sourceTree = "<group>"; };
		45BEA6EF1B6149050087EFB0 /* activity_10@3x.png */ = {isa = PBXFileReference; lastKnownFileType = image.png; name = "activity_10@3x.png"; path = "Resources/activity_icons/activity_10@3x.png"; sourceTree = "<group>"; };
		45BEA6F01B6149050087EFB0 /* activity_12.png */ = {isa = PBXFileReference; lastKnownFileType = image.png; name = activity_12.png; path = Resources/activity_icons/activity_12.png; sourceTree = "<group>"; };
		45BEA6F11B6149050087EFB0 /* activity_12@2x.png */ = {isa = PBXFileReference; lastKnownFileType = image.png; name = "activity_12@2x.png"; path = "Resources/activity_icons/activity_12@2x.png"; sourceTree = "<group>"; };
		45BEA6F21B6149050087EFB0 /* activity_12@3x.png */ = {isa = PBXFileReference; lastKnownFileType = image.png; name = "activity_12@3x.png"; path = "Resources/activity_icons/activity_12@3x.png"; sourceTree = "<group>"; };
		45BEA6F31B6149050087EFB0 /* activity_13.png */ = {isa = PBXFileReference; lastKnownFileType = image.png; name = activity_13.png; path = Resources/activity_icons/activity_13.png; sourceTree = "<group>"; };
		45BEA6F41B6149050087EFB0 /* activity_13@2x.png */ = {isa = PBXFileReference; lastKnownFileType = image.png; name = "activity_13@2x.png"; path = "Resources/activity_icons/activity_13@2x.png"; sourceTree = "<group>"; };
		45BEA6F51B6149050087EFB0 /* activity_13@3x.png */ = {isa = PBXFileReference; lastKnownFileType = image.png; name = "activity_13@3x.png"; path = "Resources/activity_icons/activity_13@3x.png"; sourceTree = "<group>"; };
		45BEA6F61B6149050087EFB0 /* activity_20.png */ = {isa = PBXFileReference; lastKnownFileType = image.png; name = activity_20.png; path = Resources/activity_icons/activity_20.png; sourceTree = "<group>"; };
		45BEA6F71B6149050087EFB0 /* activity_20@2x.png */ = {isa = PBXFileReference; lastKnownFileType = image.png; name = "activity_20@2x.png"; path = "Resources/activity_icons/activity_20@2x.png"; sourceTree = "<group>"; };
		45BEA6F81B6149050087EFB0 /* activity_20@3x.png */ = {isa = PBXFileReference; lastKnownFileType = image.png; name = "activity_20@3x.png"; path = "Resources/activity_icons/activity_20@3x.png"; sourceTree = "<group>"; };
		45BEA6F91B6149050087EFB0 /* activity_30.png */ = {isa = PBXFileReference; lastKnownFileType = image.png; name = activity_30.png; path = Resources/activity_icons/activity_30.png; sourceTree = "<group>"; };
		45BEA6FA1B6149050087EFB0 /* activity_30@2x.png */ = {isa = PBXFileReference; lastKnownFileType = image.png; name = "activity_30@2x.png"; path = "Resources/activity_icons/activity_30@2x.png"; sourceTree = "<group>"; };
		45BEA6FB1B6149050087EFB0 /* activity_30@3x.png */ = {isa = PBXFileReference; lastKnownFileType = image.png; name = "activity_30@3x.png"; path = "Resources/activity_icons/activity_30@3x.png"; sourceTree = "<group>"; };
		45BEA7BF1B61E7730087EFB0 /* MainTabBarController.swift */ = {isa = PBXFileReference; fileEncoding = 4; lastKnownFileType = sourcecode.swift; path = MainTabBarController.swift; sourceTree = "<group>"; };
		45BEA7C71B61EAA60087EFB0 /* TabBar-Banji-Blue.png */ = {isa = PBXFileReference; lastKnownFileType = image.png; path = "TabBar-Banji-Blue.png"; sourceTree = "<group>"; };
		45BEA7C81B61EAA60087EFB0 /* TabBar-Banji-Blue@2x.png */ = {isa = PBXFileReference; lastKnownFileType = image.png; path = "TabBar-Banji-Blue@2x.png"; sourceTree = "<group>"; };
		45BEA7C91B61EAA60087EFB0 /* TabBar-Banji-Blue@3x.png */ = {isa = PBXFileReference; lastKnownFileType = image.png; path = "TabBar-Banji-Blue@3x.png"; sourceTree = "<group>"; };
		45BEA7CA1B61EAA60087EFB0 /* TabBar-Banji-Grey.png */ = {isa = PBXFileReference; lastKnownFileType = image.png; path = "TabBar-Banji-Grey.png"; sourceTree = "<group>"; };
		45BEA7CB1B61EAA60087EFB0 /* TabBar-Banji-Grey@2x.png */ = {isa = PBXFileReference; lastKnownFileType = image.png; path = "TabBar-Banji-Grey@2x.png"; sourceTree = "<group>"; };
		45BEA7CC1B61EAA60087EFB0 /* TabBar-Banji-Grey@3x.png */ = {isa = PBXFileReference; lastKnownFileType = image.png; path = "TabBar-Banji-Grey@3x.png"; sourceTree = "<group>"; };
		45BEA7CD1B61EAA60087EFB0 /* TabBar-Gengduo-Blue.png */ = {isa = PBXFileReference; lastKnownFileType = image.png; path = "TabBar-Gengduo-Blue.png"; sourceTree = "<group>"; };
		45BEA7CE1B61EAA60087EFB0 /* TabBar-Gengduo-Blue@2x.png */ = {isa = PBXFileReference; lastKnownFileType = image.png; path = "TabBar-Gengduo-Blue@2x.png"; sourceTree = "<group>"; };
		45BEA7CF1B61EAA60087EFB0 /* TabBar-Gengduo-Blue@3x.png */ = {isa = PBXFileReference; lastKnownFileType = image.png; path = "TabBar-Gengduo-Blue@3x.png"; sourceTree = "<group>"; };
		45BEA7D01B61EAA60087EFB0 /* TabBar-Gengduo-Grey.png */ = {isa = PBXFileReference; lastKnownFileType = image.png; path = "TabBar-Gengduo-Grey.png"; sourceTree = "<group>"; };
		45BEA7D11B61EAA60087EFB0 /* TabBar-Gengduo-Grey@2x.png */ = {isa = PBXFileReference; lastKnownFileType = image.png; path = "TabBar-Gengduo-Grey@2x.png"; sourceTree = "<group>"; };
		45BEA7D21B61EAA60087EFB0 /* TabBar-Gengduo-Grey@3x.png */ = {isa = PBXFileReference; lastKnownFileType = image.png; path = "TabBar-Gengduo-Grey@3x.png"; sourceTree = "<group>"; };
		45BEA7D31B61EAA60087EFB0 /* TabBar-Xiaoxi-Blue.png */ = {isa = PBXFileReference; lastKnownFileType = image.png; path = "TabBar-Xiaoxi-Blue.png"; sourceTree = "<group>"; };
		45BEA7D41B61EAA60087EFB0 /* TabBar-Xiaoxi-Blue@2x.png */ = {isa = PBXFileReference; lastKnownFileType = image.png; path = "TabBar-Xiaoxi-Blue@2x.png"; sourceTree = "<group>"; };
		45BEA7D51B61EAA60087EFB0 /* TabBar-Xiaoxi-Blue@3x.png */ = {isa = PBXFileReference; lastKnownFileType = image.png; path = "TabBar-Xiaoxi-Blue@3x.png"; sourceTree = "<group>"; };
		45BEA7D61B61EAA60087EFB0 /* TabBar-Xiaoxi-Grey.png */ = {isa = PBXFileReference; lastKnownFileType = image.png; path = "TabBar-Xiaoxi-Grey.png"; sourceTree = "<group>"; };
		45BEA7D71B61EAA60087EFB0 /* TabBar-Xiaoxi-Grey@2x.png */ = {isa = PBXFileReference; lastKnownFileType = image.png; path = "TabBar-Xiaoxi-Grey@2x.png"; sourceTree = "<group>"; };
		45BEA7D81B61EAA60087EFB0 /* TabBar-Xiaoxi-Grey@3x.png */ = {isa = PBXFileReference; lastKnownFileType = image.png; path = "TabBar-Xiaoxi-Grey@3x.png"; sourceTree = "<group>"; };
		45BEA7D91B61EAA60087EFB0 /* TabBar-Zuoxi-Blue.png */ = {isa = PBXFileReference; lastKnownFileType = image.png; path = "TabBar-Zuoxi-Blue.png"; sourceTree = "<group>"; };
		45BEA7DA1B61EAA60087EFB0 /* TabBar-Zuoxi-Blue@2x.png */ = {isa = PBXFileReference; lastKnownFileType = image.png; path = "TabBar-Zuoxi-Blue@2x.png"; sourceTree = "<group>"; };
		45BEA7DB1B61EAA60087EFB0 /* TabBar-Zuoxi-Blue@3x.png */ = {isa = PBXFileReference; lastKnownFileType = image.png; path = "TabBar-Zuoxi-Blue@3x.png"; sourceTree = "<group>"; };
		45BEA7DC1B61EAA60087EFB0 /* TabBar-Zuoxi-Grey.png */ = {isa = PBXFileReference; lastKnownFileType = image.png; path = "TabBar-Zuoxi-Grey.png"; sourceTree = "<group>"; };
		45BEA7DD1B61EAA60087EFB0 /* TabBar-Zuoxi-Grey@2x.png */ = {isa = PBXFileReference; lastKnownFileType = image.png; path = "TabBar-Zuoxi-Grey@2x.png"; sourceTree = "<group>"; };
		45BEA7DE1B61EAA60087EFB0 /* TabBar-Zuoxi-Grey@3x.png */ = {isa = PBXFileReference; lastKnownFileType = image.png; path = "TabBar-Zuoxi-Grey@3x.png"; sourceTree = "<group>"; };
		45BEA7FA1B61EAC50087EFB0 /* TopBar-Rili.png */ = {isa = PBXFileReference; lastKnownFileType = image.png; path = "TopBar-Rili.png"; sourceTree = "<group>"; };
		45BEA7FB1B61EAC50087EFB0 /* TopBar-Rili@2x.png */ = {isa = PBXFileReference; lastKnownFileType = image.png; path = "TopBar-Rili@2x.png"; sourceTree = "<group>"; };
		45BEA7FC1B61EAC50087EFB0 /* TopBar-Rili@3x.png */ = {isa = PBXFileReference; lastKnownFileType = image.png; path = "TopBar-Rili@3x.png"; sourceTree = "<group>"; };
		45BEA8031B61EFC00087EFB0 /* Tab Bar-KId@3x.png */ = {isa = PBXFileReference; lastKnownFileType = image.png; path = "Tab Bar-KId@3x.png"; sourceTree = "<group>"; };
		45BEA8051B61FEA30087EFB0 /* BabyPhoto-TopBar.png */ = {isa = PBXFileReference; lastKnownFileType = image.png; path = "BabyPhoto-TopBar.png"; sourceTree = "<group>"; };
		45BEA8061B61FEA30087EFB0 /* BabyPhoto-TopBar@2x.png */ = {isa = PBXFileReference; lastKnownFileType = image.png; path = "BabyPhoto-TopBar@2x.png"; sourceTree = "<group>"; };
		45BEA8071B61FEA30087EFB0 /* BabyPhoto-TopBar@3x.png */ = {isa = PBXFileReference; lastKnownFileType = image.png; path = "BabyPhoto-TopBar@3x.png"; sourceTree = "<group>"; };
		45BEA8081B61FEA30087EFB0 /* TeacherPhoto-TopBar.png */ = {isa = PBXFileReference; lastKnownFileType = image.png; path = "TeacherPhoto-TopBar.png"; sourceTree = "<group>"; };
		45BEA8091B61FEA30087EFB0 /* TeacherPhoto-TopBar@2x.png */ = {isa = PBXFileReference; lastKnownFileType = image.png; path = "TeacherPhoto-TopBar@2x.png"; sourceTree = "<group>"; };
		45BEA80A1B61FEA30087EFB0 /* TeacherPhoto-TopBar@3x.png */ = {isa = PBXFileReference; lastKnownFileType = image.png; path = "TeacherPhoto-TopBar@3x.png"; sourceTree = "<group>"; };
		45BEA8111B62CE140087EFB0 /* StarFull@2x.png */ = {isa = PBXFileReference; lastKnownFileType = image.png; path = "StarFull@2x.png"; sourceTree = "<group>"; };
		45BEA8121B62CE140087EFB0 /* StarEmpty@2x.png */ = {isa = PBXFileReference; lastKnownFileType = image.png; path = "StarEmpty@2x.png"; sourceTree = "<group>"; };
		45BEA8171B658AD80087EFB0 /* Logo.png */ = {isa = PBXFileReference; lastKnownFileType = image.png; path = Logo.png; sourceTree = "<group>"; };
		45DB02D01B5AADC400EA754D /* BabyLog_Swift-Bridging-Header.h */ = {isa = PBXFileReference; lastKnownFileType = sourcecode.c.h; path = "BabyLog_Swift-Bridging-Header.h"; sourceTree = "<group>"; };
		45DB02D11B5AADC400EA754D /* TestRongCloud.m */ = {isa = PBXFileReference; fileEncoding = 4; lastKnownFileType = sourcecode.c.objc; path = TestRongCloud.m; sourceTree = "<group>"; };
		45DB02D61B5AAE3D00EA754D /* ChatViewController.swift */ = {isa = PBXFileReference; fileEncoding = 4; lastKnownFileType = sourcecode.swift; path = ChatViewController.swift; sourceTree = "<group>"; };
		45E3552B1B578B350085770B /* DKImagePickerController.swift */ = {isa = PBXFileReference; fileEncoding = 4; lastKnownFileType = sourcecode.swift; path = DKImagePickerController.swift; sourceTree = "<group>"; };
		45E3552D1B578B460085770B /* AssetsLibrary.framework */ = {isa = PBXFileReference; lastKnownFileType = wrapper.framework; name = AssetsLibrary.framework; path = System/Library/Frameworks/AssetsLibrary.framework; sourceTree = SDKROOT; };
		45E355351B5892350085770B /* MessageTableViewController.swift */ = {isa = PBXFileReference; fileEncoding = 4; lastKnownFileType = sourcecode.swift; path = MessageTableViewController.swift; sourceTree = "<group>"; };
		45E3553A1B58944B0085770B /* MessageTableViewCell.swift */ = {isa = PBXFileReference; fileEncoding = 4; lastKnownFileType = sourcecode.swift; path = MessageTableViewCell.swift; sourceTree = "<group>"; };
		7E94F1EE055CD555632AE808 /* Pods.release.xcconfig */ = {isa = PBXFileReference; includeInIndex = 1; lastKnownFileType = text.xcconfig; name = Pods.release.xcconfig; path = "Pods/Target Support Files/Pods/Pods.release.xcconfig"; sourceTree = "<group>"; };
		AD880DCF430E191560FC27CB /* libPods.a */ = {isa = PBXFileReference; explicitFileType = archive.ar; includeInIndex = 0; path = libPods.a; sourceTree = BUILT_PRODUCTS_DIR; };
/* End PBXFileReference section */

/* Begin PBXFrameworksBuildPhase section */
		453E2B181B35492800500E31 /* Frameworks */ = {
			isa = PBXFrameworksBuildPhase;
			buildActionMask = 2147483647;
			files = (
				45BEA6BC1B5EA2BD0087EFB0 /* CoreTelephony.framework in Frameworks */,
				45BEA6BE1B5EA2C50087EFB0 /* OpenGLES.framework in Frameworks */,
				45BEA6C01B5EA2D20087EFB0 /* SceneKit.framework in Frameworks */,
				45BEA6C21B5EA2DA0087EFB0 /* CoreMotion.framework in Frameworks */,
				45BEA6C41B5EA2E40087EFB0 /* AudioToolbox.framework in Frameworks */,
				45BEA6C61B5EA2EC0087EFB0 /* AVFoundation.framework in Frameworks */,
				45BEA6C81B5EA2F30087EFB0 /* SystemConfiguration.framework in Frameworks */,
				45E3552E1B578B460085770B /* AssetsLibrary.framework in Frameworks */,
				45BEA6BA1B5EA29F0087EFB0 /* PgySDK.framework in Frameworks */,
				272540005D9C82BC53745C35 /* libPods.a in Frameworks */,
			);
			runOnlyForDeploymentPostprocessing = 0;
		};
/* End PBXFrameworksBuildPhase section */

/* Begin PBXGroup section */
		4519B3F11B66174D00E200A5 /* AppIcon */ = {
			isa = PBXGroup;
			children = (
				4519B3F21B66176800E200A5 /* Icon-29.png */,
				4519B3F31B66176800E200A5 /* Icon-40.png */,
				4519B3F41B66176800E200A5 /* Icon-58.png */,
				4519B3F51B66176800E200A5 /* Icon-76.png */,
				4519B3F61B66176800E200A5 /* Icon-80.png */,
				4519B3F71B66176800E200A5 /* Icon-87.png */,
				4519B3F81B66176800E200A5 /* Icon-120.png */,
				4519B3F91B66176800E200A5 /* Icon-152.png */,
				4519B3FA1B66176800E200A5 /* Icon-180.png */,
				4519B3FB1B66176800E200A5 /* Icon-1024.png */,
			);
			name = AppIcon;
			sourceTree = "<group>";
		};
		4519B4061B66192E00E200A5 /* LaunchImages */ = {
			isa = PBXGroup;
			children = (
				4519B4071B66194D00E200A5 /* default-568h@2x.png */,
				4519B4081B66194D00E200A5 /* default@2x.png */,
			);
			name = LaunchImages;
			sourceTree = "<group>";
		};
		45210B291B4D87F8004A2EFB /* stars */ = {
			isa = PBXGroup;
			children = (
				45180A701B5B7AE3008B1FF9 /* Stars-3@2x.png */,
				45180A711B5B7AE3008B1FF9 /* Stars-3@3x.png */,
				45180A721B5B7AE3008B1FF9 /* Stars-4.png */,
				45180A731B5B7AE3008B1FF9 /* Stars-4@2x.png */,
				45180A741B5B7AE3008B1FF9 /* Stars-4@3x.png */,
				45180A751B5B7AE3008B1FF9 /* Stars-5.png */,
				45180A761B5B7AE3008B1FF9 /* Stars-5@2x.png */,
				45180A771B5B7AE3008B1FF9 /* Stars-5@3x.png */,
				45180A781B5B7AE3008B1FF9 /* Stars-1.png */,
				45180A791B5B7AE3008B1FF9 /* Stars-1@2x.png */,
				45180A7A1B5B7AE3008B1FF9 /* Stars-1@3x.png */,
				45180A7B1B5B7AE3008B1FF9 /* Stars-2.png */,
				45180A7C1B5B7AE3008B1FF9 /* Stars-2@2x.png */,
				45180A7D1B5B7AE3008B1FF9 /* Stars-2@3x.png */,
				45180A7E1B5B7AE3008B1FF9 /* Stars-3.png */,
				45180A7F1B5B7AE3008B1FF9 /* stars_1.png */,
				45180A801B5B7AE3008B1FF9 /* stars_2.png */,
				45180A811B5B7AE3008B1FF9 /* stars_3.png */,
				45180A821B5B7AE3008B1FF9 /* stars_4.png */,
				45180A831B5B7AE3008B1FF9 /* stars_5.png */,
				45BEA8111B62CE140087EFB0 /* StarFull@2x.png */,
				45BEA8121B62CE140087EFB0 /* StarEmpty@2x.png */,
			);
			name = stars;
			sourceTree = "<group>";
		};
		453E2B121B35492800500E31 = {
			isa = PBXGroup;
			children = (
				453E2B1D1B35492800500E31 /* BabyLog_Swift */,
				453E2B1C1B35492800500E31 /* Products */,
				A4BC950FFDF3C09FB577DF02 /* Pods */,
				7F32535C4EFA45D819C29D2F /* Frameworks */,
			);
			sourceTree = "<group>";
		};
		453E2B1C1B35492800500E31 /* Products */ = {
			isa = PBXGroup;
			children = (
				453E2B1B1B35492800500E31 /* BabyLog_Swift.app */,
			);
			name = Products;
			sourceTree = "<group>";
		};
		453E2B1D1B35492800500E31 /* BabyLog_Swift */ = {
			isa = PBXGroup;
			children = (
				45A7E8B41B3E6DF100748A6F /* KeleCalendar */,
				45BEA67E1B5C7A780087EFB0 /* Alamofire */,
				45BEA67F1B5C7A8F0087EFB0 /* DKImagePIcker */,
				45A7E97F1B49AF2C00748A6F /* FloatRatingView */,
				45A7E97E1B49A99500748A6F /* SwiftyJson */,
				453E2B4C1B354B6200500E31 /* Resources */,
				45210B4F1B4F2B69004A2EFB /* Globals.swift */,
				45DB02D61B5AAE3D00EA754D /* ChatViewController.swift */,
				45BEA7BF1B61E7730087EFB0 /* MainTabBarController.swift */,
				45210B541B4F4C7B004A2EFB /* UIViewControllerForWebAPI.swift */,
				453E2B1E1B35492800500E31 /* AppDelegate.swift */,
				45A7E8CB1B3F128500748A6F /* AddDailyLogViewController.swift */,
				45A7E9861B49D89200748A6F /* AddDailyLogPerBabyViewController.swift */,
				45180AD21B5B7B9D008B1FF9 /* AddDailyLogForOneBabyViewController.swift */,
				45A7E8DA1B4103D700748A6F /* LogTabViewController.swift */,
				45A7E8DC1B43431800748A6F /* LogItemTableViewCell.swift */,
				453E2B201B35492800500E31 /* LoginViewController.swift */,
				45A7E8C71B3E8FB400748A6F /* DailyLogItem.swift */,
				45A7E9741B4776A600748A6F /* ClassViewController.swift */,
				45A7E9761B479B6400748A6F /* ClassBabyInfoCollectionViewCell.swift */,
				45A7E9841B49C16200748A6F /* BabyStarTableViewCell.swift */,
				45A7E9821B49C03C00748A6F /* BabyStarViewController.swift */,
				45E355351B5892350085770B /* MessageTableViewController.swift */,
				45E3553A1B58944B0085770B /* MessageTableViewCell.swift */,
				45DB02D11B5AADC400EA754D /* TestRongCloud.m */,
				453E2B251B35492800500E31 /* Assets.xcassets */,
				453E2B221B35492800500E31 /* Main.storyboard */,
				457E22781B7D155D00CDA4CC /* TeacherInfoViewController.swift */,
				457E22701B79589300CDA4CC /* CreateClassViewController.swift */,
				457E226E1B78368000CDA4CC /* MoreTableViewController.swift */,
				453E2B2A1B35492800500E31 /* Info.plist */,
				45DB02D01B5AADC400EA754D /* BabyLog_Swift-Bridging-Header.h */,
			);
			path = BabyLog_Swift;
			sourceTree = "<group>";
		};
		453E2B4C1B354B6200500E31 /* Resources */ = {
			isa = PBXGroup;
			children = (
				4519B4061B66192E00E200A5 /* LaunchImages */,
				4519B3F11B66174D00E200A5 /* AppIcon */,
				45BEA8171B658AD80087EFB0 /* Logo.png */,
				45BEA8051B61FEA30087EFB0 /* BabyPhoto-TopBar.png */,
				45BEA8061B61FEA30087EFB0 /* BabyPhoto-TopBar@2x.png */,
				45BEA8071B61FEA30087EFB0 /* BabyPhoto-TopBar@3x.png */,
				45BEA8081B61FEA30087EFB0 /* TeacherPhoto-TopBar.png */,
				45BEA8091B61FEA30087EFB0 /* TeacherPhoto-TopBar@2x.png */,
				45BEA80A1B61FEA30087EFB0 /* TeacherPhoto-TopBar@3x.png */,
				45BEA7FA1B61EAC50087EFB0 /* TopBar-Rili.png */,
				45BEA7FB1B61EAC50087EFB0 /* TopBar-Rili@2x.png */,
				45BEA7FC1B61EAC50087EFB0 /* TopBar-Rili@3x.png */,
				45180ACC1B5B7B4D008B1FF9 /* login_bg-568h@2x.png */,
				45180ACD1B5B7B4D008B1FF9 /* login_bg.png */,
				45180ACE1B5B7B4D008B1FF9 /* login_bg@2x.png */,
				45BEA8031B61EFC00087EFB0 /* Tab Bar-KId@3x.png */,
				45210B291B4D87F8004A2EFB /* stars */,
				45A7E9081B4725B800748A6F /* tab_icons */,
				45A7E9041B4725A800748A6F /* activity_icons */,
			);
			name = Resources;
			sourceTree = "<group>";
		};
		45A7E8B41B3E6DF100748A6F /* KeleCalendar */ = {
			isa = PBXGroup;
			children = (
				45A7E8C41B3E6E5B00748A6F /* KeleCalendarViewController.swift */,
				45A7E8B81B3E6E0B00748A6F /* KeleCalCellView.swift */,
				45A7E8B91B3E6E0B00748A6F /* KeleCalData.swift */,
				45A7E8BA1B3E6E0B00748A6F /* KeleCalDelegate.swift */,
				45A7E8BB1B3E6E0B00748A6F /* keleCalMainView.swift */,
				45A7E8BC1B3E6E0B00748A6F /* KeleCalMonthView.swift */,
				45A7E8BD1B3E6E0B00748A6F /* keleDraw.swift */,
			);
			name = KeleCalendar;
			sourceTree = "<group>";
		};
		45A7E9041B4725A800748A6F /* activity_icons */ = {
			isa = PBXGroup;
			children = (
				45BEA6C91B6149040087EFB0 /* activity_2.png */,
				45BEA6CA1B6149040087EFB0 /* activity_2@2x.png */,
				45BEA6CB1B6149040087EFB0 /* activity_2@3x.png */,
				45BEA6CC1B6149040087EFB0 /* activity_4@3x.png */,
				45BEA6CD1B6149040087EFB0 /* activity_11.png */,
				45BEA6CE1B6149040087EFB0 /* activity_11@2x.png */,
				45BEA6CF1B6149040087EFB0 /* activity_11@3x.png */,
				45BEA6D01B6149040087EFB0 /* activity_14.png */,
				45BEA6D11B6149040087EFB0 /* activity_14@2x.png */,
				45BEA6D21B6149040087EFB0 /* activity_14@3x.png */,
				45BEA6D31B6149040087EFB0 /* activity_15.png */,
				45BEA6D41B6149040087EFB0 /* activity_15@2x.png */,
				45BEA6D51B6149040087EFB0 /* activity_15@3x.png */,
				45BEA6D61B6149040087EFB0 /* activity_1.png */,
				45BEA6D71B6149040087EFB0 /* activity_1@2x.png */,
				45BEA6D81B6149040087EFB0 /* activity_1@3x.png */,
				45BEA6D91B6149040087EFB0 /* activity_3.png */,
				45BEA6DA1B6149040087EFB0 /* activity_3@2x.png */,
				45BEA6DB1B6149040087EFB0 /* activity_3@3x.png */,
				45BEA6DC1B6149040087EFB0 /* activity_4.png */,
				45BEA6DD1B6149040087EFB0 /* activity_4@2x.png */,
				45BEA6DE1B6149040087EFB0 /* activity_5.png */,
				45BEA6DF1B6149040087EFB0 /* activity_5@2x.png */,
				45BEA6E01B6149040087EFB0 /* activity_5@3x.png */,
				45BEA6E11B6149040087EFB0 /* activity_6.png */,
				45BEA6E21B6149040087EFB0 /* activity_6@2x.png */,
				45BEA6E31B6149040087EFB0 /* activity_6@3x.png */,
				45BEA6E41B6149040087EFB0 /* activity_7.png */,
				45BEA6E51B6149040087EFB0 /* activity_7@2x.png */,
				45BEA6E61B6149040087EFB0 /* activity_7@3x.png */,
				45BEA6E71B6149040087EFB0 /* activity_8.png */,
				45BEA6E81B6149040087EFB0 /* activity_8@2x.png */,
				45BEA6E91B6149040087EFB0 /* activity_8@3x.png */,
				45BEA6EA1B6149040087EFB0 /* activity_9.png */,
				45BEA6EB1B6149050087EFB0 /* activity_9@2x.png */,
				45BEA6EC1B6149050087EFB0 /* activity_9@3x.png */,
				45BEA6ED1B6149050087EFB0 /* activity_10.png */,
				45BEA6EE1B6149050087EFB0 /* activity_10@2x.png */,
				45BEA6EF1B6149050087EFB0 /* activity_10@3x.png */,
				45BEA6F01B6149050087EFB0 /* activity_12.png */,
				45BEA6F11B6149050087EFB0 /* activity_12@2x.png */,
				45BEA6F21B6149050087EFB0 /* activity_12@3x.png */,
				45BEA6F31B6149050087EFB0 /* activity_13.png */,
				45BEA6F41B6149050087EFB0 /* activity_13@2x.png */,
				45BEA6F51B6149050087EFB0 /* activity_13@3x.png */,
				45BEA6F61B6149050087EFB0 /* activity_20.png */,
				45BEA6F71B6149050087EFB0 /* activity_20@2x.png */,
				45BEA6F81B6149050087EFB0 /* activity_20@3x.png */,
				45BEA6F91B6149050087EFB0 /* activity_30.png */,
				45BEA6FA1B6149050087EFB0 /* activity_30@2x.png */,
				45BEA6FB1B6149050087EFB0 /* activity_30@3x.png */,
			);
			name = activity_icons;
			sourceTree = "<group>";
		};
		45A7E9081B4725B800748A6F /* tab_icons */ = {
			isa = PBXGroup;
			children = (
				45BEA7C71B61EAA60087EFB0 /* TabBar-Banji-Blue.png */,
				45BEA7C81B61EAA60087EFB0 /* TabBar-Banji-Blue@2x.png */,
				45BEA7C91B61EAA60087EFB0 /* TabBar-Banji-Blue@3x.png */,
				45BEA7CA1B61EAA60087EFB0 /* TabBar-Banji-Grey.png */,
				45BEA7CB1B61EAA60087EFB0 /* TabBar-Banji-Grey@2x.png */,
				45BEA7CC1B61EAA60087EFB0 /* TabBar-Banji-Grey@3x.png */,
				45BEA7CD1B61EAA60087EFB0 /* TabBar-Gengduo-Blue.png */,
				45BEA7CE1B61EAA60087EFB0 /* TabBar-Gengduo-Blue@2x.png */,
				45BEA7CF1B61EAA60087EFB0 /* TabBar-Gengduo-Blue@3x.png */,
				45BEA7D01B61EAA60087EFB0 /* TabBar-Gengduo-Grey.png */,
				45BEA7D11B61EAA60087EFB0 /* TabBar-Gengduo-Grey@2x.png */,
				45BEA7D21B61EAA60087EFB0 /* TabBar-Gengduo-Grey@3x.png */,
				45BEA7D31B61EAA60087EFB0 /* TabBar-Xiaoxi-Blue.png */,
				45BEA7D41B61EAA60087EFB0 /* TabBar-Xiaoxi-Blue@2x.png */,
				45BEA7D51B61EAA60087EFB0 /* TabBar-Xiaoxi-Blue@3x.png */,
				45BEA7D61B61EAA60087EFB0 /* TabBar-Xiaoxi-Grey.png */,
				45BEA7D71B61EAA60087EFB0 /* TabBar-Xiaoxi-Grey@2x.png */,
				45BEA7D81B61EAA60087EFB0 /* TabBar-Xiaoxi-Grey@3x.png */,
				45BEA7D91B61EAA60087EFB0 /* TabBar-Zuoxi-Blue.png */,
				45BEA7DA1B61EAA60087EFB0 /* TabBar-Zuoxi-Blue@2x.png */,
				45BEA7DB1B61EAA60087EFB0 /* TabBar-Zuoxi-Blue@3x.png */,
				45BEA7DC1B61EAA60087EFB0 /* TabBar-Zuoxi-Grey.png */,
				45BEA7DD1B61EAA60087EFB0 /* TabBar-Zuoxi-Grey@2x.png */,
				45BEA7DE1B61EAA60087EFB0 /* TabBar-Zuoxi-Grey@3x.png */,
			);
			name = tab_icons;
			sourceTree = "<group>";
		};
		45A7E97E1B49A99500748A6F /* SwiftyJson */ = {
			isa = PBXGroup;
			children = (
				45A7E8C91B3E933400748A6F /* SwiftyJSON.swift */,
			);
			name = SwiftyJson;
			sourceTree = "<group>";
		};
		45A7E97F1B49AF2C00748A6F /* FloatRatingView */ = {
			isa = PBXGroup;
			children = (
				45A7E9801B49AF4F00748A6F /* FloatRatingView.swift */,
			);
			name = FloatRatingView;
			sourceTree = "<group>";
		};
		45BEA67E1B5C7A780087EFB0 /* Alamofire */ = {
			isa = PBXGroup;
			children = (
				45BEA6A61B5C88B90087EFB0 /* Alamofire.h */,
				45BEA6A71B5C88B90087EFB0 /* Alamofire.swift */,
				45BEA6A81B5C88B90087EFB0 /* Download.swift */,
				45BEA6A91B5C88B90087EFB0 /* Manager.swift */,
				45BEA6AA1B5C88B90087EFB0 /* MultipartFormData.swift */,
				45BEA6AB1B5C88B90087EFB0 /* ParameterEncoding.swift */,
				45BEA6AC1B5C88B90087EFB0 /* Request.swift */,
				45BEA6AD1B5C88B90087EFB0 /* ResponseSerialization.swift */,
				45BEA6AE1B5C88B90087EFB0 /* Upload.swift */,
				45BEA6AF1B5C88B90087EFB0 /* Validation.swift */,
			);
			name = Alamofire;
			sourceTree = "<group>";
		};
		45BEA67F1B5C7A8F0087EFB0 /* DKImagePIcker */ = {
			isa = PBXGroup;
			children = (
				45E3552B1B578B350085770B /* DKImagePickerController.swift */,
			);
			name = DKImagePIcker;
			sourceTree = "<group>";
		};
		7F32535C4EFA45D819C29D2F /* Frameworks */ = {
			isa = PBXGroup;
			children = (
				45E3552D1B578B460085770B /* AssetsLibrary.framework */,
				45BEA6C71B5EA2F30087EFB0 /* SystemConfiguration.framework */,
				45BEA6C51B5EA2EC0087EFB0 /* AVFoundation.framework */,
				45BEA6C31B5EA2E40087EFB0 /* AudioToolbox.framework */,
				45BEA6C11B5EA2DA0087EFB0 /* CoreMotion.framework */,
				45BEA6BF1B5EA2D20087EFB0 /* SceneKit.framework */,
				45BEA6BD1B5EA2C50087EFB0 /* OpenGLES.framework */,
				45BEA6BB1B5EA2BD0087EFB0 /* CoreTelephony.framework */,
				45BEA6B91B5EA29F0087EFB0 /* PgySDK.framework */,
				AD880DCF430E191560FC27CB /* libPods.a */,
			);
			name = Frameworks;
			sourceTree = "<group>";
		};
		A4BC950FFDF3C09FB577DF02 /* Pods */ = {
			isa = PBXGroup;
			children = (
				2324B3A9BABA6D45BEA4F995 /* Pods.debug.xcconfig */,
				7E94F1EE055CD555632AE808 /* Pods.release.xcconfig */,
			);
			name = Pods;
			sourceTree = "<group>";
		};
/* End PBXGroup section */

/* Begin PBXNativeTarget section */
		453E2B1A1B35492800500E31 /* BabyLog_Swift */ = {
			isa = PBXNativeTarget;
			buildConfigurationList = 453E2B431B35492900500E31 /* Build configuration list for PBXNativeTarget "BabyLog_Swift" */;
			buildPhases = (
				6A2AEBA51C7FED1988104E78 /* Check Pods Manifest.lock */,
				453E2B171B35492800500E31 /* Sources */,
				453E2B181B35492800500E31 /* Frameworks */,
				453E2B191B35492800500E31 /* Resources */,
				45FBD6A51B3A8A3200A33663 /* Embed Frameworks */,
				69D327FEBC3B3044394A88D3 /* Copy Pods Resources */,
			);
			buildRules = (
			);
			dependencies = (
			);
			name = BabyLog_Swift;
			productName = BabyLog_Swift;
			productReference = 453E2B1B1B35492800500E31 /* BabyLog_Swift.app */;
			productType = "com.apple.product-type.application";
		};
/* End PBXNativeTarget section */

/* Begin PBXProject section */
		453E2B131B35492800500E31 /* Project object */ = {
			isa = PBXProject;
			attributes = {
				LastSwiftUpdateCheck = 0700;
				LastUpgradeCheck = 0700;
				ORGANIZATIONNAME = StreamSaga;
				TargetAttributes = {
					453E2B1A1B35492800500E31 = {
						CreatedOnToolsVersion = 7.0;
						DevelopmentTeam = ULB7877885;
					};
				};
			};
			buildConfigurationList = 453E2B161B35492800500E31 /* Build configuration list for PBXProject "BabyLog_Swift" */;
			compatibilityVersion = "Xcode 3.2";
			developmentRegion = English;
			hasScannedForEncodings = 0;
			knownRegions = (
				en,
				Base,
			);
			mainGroup = 453E2B121B35492800500E31;
			productRefGroup = 453E2B1C1B35492800500E31 /* Products */;
			projectDirPath = "";
			projectRoot = "";
			targets = (
				453E2B1A1B35492800500E31 /* BabyLog_Swift */,
			);
		};
/* End PBXProject section */

/* Begin PBXResourcesBuildPhase section */
		453E2B191B35492800500E31 /* Resources */ = {
			isa = PBXResourcesBuildPhase;
			buildActionMask = 2147483647;
			files = (
				45BEA72B1B6149050087EFB0 /* activity_20@3x.png in Resources */,
				45BEA7F11B61EAA60087EFB0 /* TabBar-Zuoxi-Blue.png in Resources */,
				45BEA7151B6149050087EFB0 /* activity_6@2x.png in Resources */,
				45BEA7E81B61EAA60087EFB0 /* TabBar-Gengduo-Grey.png in Resources */,
				45BEA6FC1B6149050087EFB0 /* activity_2.png in Resources */,
				45BEA80F1B61FEA30087EFB0 /* TeacherPhoto-TopBar@2x.png in Resources */,
				4519B4001B66176800E200A5 /* Icon-80.png in Resources */,
				45BEA70D1B6149050087EFB0 /* activity_3@2x.png in Resources */,
				45BEA7161B6149050087EFB0 /* activity_6@3x.png in Resources */,
				45BEA7111B6149050087EFB0 /* activity_5.png in Resources */,
				45BEA6FF1B6149050087EFB0 /* activity_4@3x.png in Resources */,
				45180A921B5B7AE3008B1FF9 /* Stars-3.png in Resources */,
				45180A961B5B7AE3008B1FF9 /* stars_4.png in Resources */,
				45180A8F1B5B7AE3008B1FF9 /* Stars-2.png in Resources */,
				45BEA7DF1B61EAA60087EFB0 /* TabBar-Banji-Blue.png in Resources */,
				45BEA8181B658AD80087EFB0 /* Logo.png in Resources */,
				45BEA7011B6149050087EFB0 /* activity_11@2x.png in Resources */,
				45180A8B1B5B7AE3008B1FF9 /* Stars-5@3x.png in Resources */,
				45BEA7021B6149050087EFB0 /* activity_11@3x.png in Resources */,
				45BEA7131B6149050087EFB0 /* activity_5@3x.png in Resources */,
				45180A8C1B5B7AE3008B1FF9 /* Stars-1.png in Resources */,
				45BEA7EE1B61EAA60087EFB0 /* TabBar-Xiaoxi-Grey.png in Resources */,
				45BEA7001B6149050087EFB0 /* activity_11.png in Resources */,
				45BEA8011B61EAC50087EFB0 /* TopBar-Rili@2x.png in Resources */,
				45BEA80C1B61FEA30087EFB0 /* BabyPhoto-TopBar@2x.png in Resources */,
				45BEA72A1B6149050087EFB0 /* activity_20@2x.png in Resources */,
				45BEA7261B6149050087EFB0 /* activity_13.png in Resources */,
				45BEA70A1B6149050087EFB0 /* activity_1@2x.png in Resources */,
				45BEA7EB1B61EAA60087EFB0 /* TabBar-Xiaoxi-Blue.png in Resources */,
				45180A931B5B7AE3008B1FF9 /* stars_1.png in Resources */,
				4519B4031B66176800E200A5 /* Icon-152.png in Resources */,
				45BEA71E1B6149050087EFB0 /* activity_9@2x.png in Resources */,
				45BEA7221B6149050087EFB0 /* activity_10@3x.png in Resources */,
				45BEA7251B6149050087EFB0 /* activity_12@3x.png in Resources */,
				4519B4041B66176800E200A5 /* Icon-180.png in Resources */,
				45BEA7071B6149050087EFB0 /* activity_15@2x.png in Resources */,
				45BEA71D1B6149050087EFB0 /* activity_9.png in Resources */,
				4519B3FD1B66176800E200A5 /* Icon-40.png in Resources */,
				45BEA8101B61FEA30087EFB0 /* TeacherPhoto-TopBar@3x.png in Resources */,
				45180A8A1B5B7AE3008B1FF9 /* Stars-5@2x.png in Resources */,
				45BEA7F31B61EAA60087EFB0 /* TabBar-Zuoxi-Blue@3x.png in Resources */,
				45BEA7201B6149050087EFB0 /* activity_10.png in Resources */,
				45BEA71F1B6149050087EFB0 /* activity_9@3x.png in Resources */,
				45BEA8021B61EAC50087EFB0 /* TopBar-Rili@3x.png in Resources */,
				45BEA7211B6149050087EFB0 /* activity_10@2x.png in Resources */,
				45180A851B5B7AE3008B1FF9 /* Stars-3@3x.png in Resources */,
				45BEA7271B6149050087EFB0 /* activity_13@2x.png in Resources */,
				45BEA7181B6149050087EFB0 /* activity_7@2x.png in Resources */,
				45180A8D1B5B7AE3008B1FF9 /* Stars-1@2x.png in Resources */,
				45180A901B5B7AE3008B1FF9 /* Stars-2@2x.png in Resources */,
				45BEA7F01B61EAA60087EFB0 /* TabBar-Xiaoxi-Grey@3x.png in Resources */,
				45BEA71A1B6149050087EFB0 /* activity_8.png in Resources */,
				4519B3FE1B66176800E200A5 /* Icon-58.png in Resources */,
				45BEA80D1B61FEA30087EFB0 /* BabyPhoto-TopBar@3x.png in Resources */,
				45BEA7E01B61EAA60087EFB0 /* TabBar-Banji-Blue@2x.png in Resources */,
				45BEA70E1B6149050087EFB0 /* activity_3@3x.png in Resources */,
				4519B3FF1B66176800E200A5 /* Icon-76.png in Resources */,
				45BEA7E91B61EAA60087EFB0 /* TabBar-Gengduo-Grey@2x.png in Resources */,
				45180A951B5B7AE3008B1FF9 /* stars_3.png in Resources */,
				45BEA7031B6149050087EFB0 /* activity_14.png in Resources */,
				45BEA70B1B6149050087EFB0 /* activity_1@3x.png in Resources */,
				45BEA7281B6149050087EFB0 /* activity_13@3x.png in Resources */,
				453E2B261B35492800500E31 /* Assets.xcassets in Resources */,
				45180A871B5B7AE3008B1FF9 /* Stars-4@2x.png in Resources */,
				45180A891B5B7AE3008B1FF9 /* Stars-5.png in Resources */,
				45BEA71C1B6149050087EFB0 /* activity_8@3x.png in Resources */,
				45BEA72E1B6149050087EFB0 /* activity_30@3x.png in Resources */,
				45180ACF1B5B7B4D008B1FF9 /* login_bg-568h@2x.png in Resources */,
				45BEA7051B6149050087EFB0 /* activity_14@3x.png in Resources */,
				45BEA6FD1B6149050087EFB0 /* activity_2@2x.png in Resources */,
				45BEA80E1B61FEA30087EFB0 /* TeacherPhoto-TopBar.png in Resources */,
				45BEA7F51B61EAA60087EFB0 /* TabBar-Zuoxi-Grey@2x.png in Resources */,
				4519B4011B66176800E200A5 /* Icon-87.png in Resources */,
				45BEA7241B6149050087EFB0 /* activity_12@2x.png in Resources */,
				45BEA7041B6149050087EFB0 /* activity_14@2x.png in Resources */,
				45BEA7ED1B61EAA60087EFB0 /* TabBar-Xiaoxi-Blue@3x.png in Resources */,
				45BEA7141B6149050087EFB0 /* activity_6.png in Resources */,
				45BEA72D1B6149050087EFB0 /* activity_30@2x.png in Resources */,
				45BEA8141B62CE140087EFB0 /* StarEmpty@2x.png in Resources */,
				45BEA7E21B61EAA60087EFB0 /* TabBar-Banji-Grey.png in Resources */,
				45BEA7E71B61EAA60087EFB0 /* TabBar-Gengduo-Blue@3x.png in Resources */,
				45BEA7171B6149050087EFB0 /* activity_7.png in Resources */,
				45BEA7121B6149050087EFB0 /* activity_5@2x.png in Resources */,
				45180A881B5B7AE3008B1FF9 /* Stars-4@3x.png in Resources */,
				45180A841B5B7AE3008B1FF9 /* Stars-3@2x.png in Resources */,
				45BEA7F21B61EAA60087EFB0 /* TabBar-Zuoxi-Blue@2x.png in Resources */,
				45BEA7F61B61EAA60087EFB0 /* TabBar-Zuoxi-Grey@3x.png in Resources */,
				45BEA7E51B61EAA60087EFB0 /* TabBar-Gengduo-Blue.png in Resources */,
				45BEA70C1B6149050087EFB0 /* activity_3.png in Resources */,
				45180AD11B5B7B4D008B1FF9 /* login_bg@2x.png in Resources */,
				4519B4021B66176800E200A5 /* Icon-120.png in Resources */,
				4519B3FC1B66176800E200A5 /* Icon-29.png in Resources */,
				45BEA7191B6149050087EFB0 /* activity_7@3x.png in Resources */,
				4519B4091B66194D00E200A5 /* default-568h@2x.png in Resources */,
				45BEA7EF1B61EAA60087EFB0 /* TabBar-Xiaoxi-Grey@2x.png in Resources */,
				45BEA7E61B61EAA60087EFB0 /* TabBar-Gengduo-Blue@2x.png in Resources */,
				45BEA7EA1B61EAA60087EFB0 /* TabBar-Gengduo-Grey@3x.png in Resources */,
				45BEA7291B6149050087EFB0 /* activity_20.png in Resources */,
				45BEA7101B6149050087EFB0 /* activity_4@2x.png in Resources */,
				45180A8E1B5B7AE3008B1FF9 /* Stars-1@3x.png in Resources */,
				45BEA8001B61EAC50087EFB0 /* TopBar-Rili.png in Resources */,
				45BEA7E11B61EAA60087EFB0 /* TabBar-Banji-Blue@3x.png in Resources */,
				45BEA70F1B6149050087EFB0 /* activity_4.png in Resources */,
				45180A861B5B7AE3008B1FF9 /* Stars-4.png in Resources */,
				45BEA7E31B61EAA60087EFB0 /* TabBar-Banji-Grey@2x.png in Resources */,
				45BEA7E41B61EAA60087EFB0 /* TabBar-Banji-Grey@3x.png in Resources */,
				45BEA7F41B61EAA60087EFB0 /* TabBar-Zuoxi-Grey.png in Resources */,
				45BEA8041B61EFC00087EFB0 /* Tab Bar-KId@3x.png in Resources */,
				45180A971B5B7AE3008B1FF9 /* stars_5.png in Resources */,
				45180A911B5B7AE3008B1FF9 /* Stars-2@3x.png in Resources */,
				45180A941B5B7AE3008B1FF9 /* stars_2.png in Resources */,
				45BEA7061B6149050087EFB0 /* activity_15.png in Resources */,
				4519B40A1B66194D00E200A5 /* default@2x.png in Resources */,
				45180AD01B5B7B4D008B1FF9 /* login_bg.png in Resources */,
				45BEA7081B6149050087EFB0 /* activity_15@3x.png in Resources */,
				45BEA80B1B61FEA30087EFB0 /* BabyPhoto-TopBar.png in Resources */,
				45BEA71B1B6149050087EFB0 /* activity_8@2x.png in Resources */,
				453E2B241B35492800500E31 /* Main.storyboard in Resources */,
				45BEA7231B6149050087EFB0 /* activity_12.png in Resources */,
				45BEA7091B6149050087EFB0 /* activity_1.png in Resources */,
				45BEA7EC1B61EAA60087EFB0 /* TabBar-Xiaoxi-Blue@2x.png in Resources */,
				45BEA6FE1B6149050087EFB0 /* activity_2@3x.png in Resources */,
				45BEA8131B62CE140087EFB0 /* StarFull@2x.png in Resources */,
				45BEA72C1B6149050087EFB0 /* activity_30.png in Resources */,
				4519B4051B66176800E200A5 /* Icon-1024.png in Resources */,
			);
			runOnlyForDeploymentPostprocessing = 0;
		};
/* End PBXResourcesBuildPhase section */

/* Begin PBXShellScriptBuildPhase section */
		69D327FEBC3B3044394A88D3 /* Copy Pods Resources */ = {
			isa = PBXShellScriptBuildPhase;
			buildActionMask = 2147483647;
			files = (
			);
			inputPaths = (
			);
			name = "Copy Pods Resources";
			outputPaths = (
			);
			runOnlyForDeploymentPostprocessing = 0;
			shellPath = /bin/sh;
			shellScript = "\"${SRCROOT}/Pods/Target Support Files/Pods/Pods-resources.sh\"\n";
			showEnvVarsInLog = 0;
		};
		6A2AEBA51C7FED1988104E78 /* Check Pods Manifest.lock */ = {
			isa = PBXShellScriptBuildPhase;
			buildActionMask = 2147483647;
			files = (
			);
			inputPaths = (
			);
			name = "Check Pods Manifest.lock";
			outputPaths = (
			);
			runOnlyForDeploymentPostprocessing = 0;
			shellPath = /bin/sh;
			shellScript = "diff \"${PODS_ROOT}/../Podfile.lock\" \"${PODS_ROOT}/Manifest.lock\" > /dev/null\nif [[ $? != 0 ]] ; then\n    cat << EOM\nerror: The sandbox is not in sync with the Podfile.lock. Run 'pod install' or update your CocoaPods installation.\nEOM\n    exit 1\nfi\n";
			showEnvVarsInLog = 0;
		};
/* End PBXShellScriptBuildPhase section */

/* Begin PBXSourcesBuildPhase section */
		453E2B171B35492800500E31 /* Sources */ = {
			isa = PBXSourcesBuildPhase;
			buildActionMask = 2147483647;
			files = (
				45A7E9871B49D89200748A6F /* AddDailyLogPerBabyViewController.swift in Sources */,
				45A7E8BE1B3E6E0B00748A6F /* KeleCalCellView.swift in Sources */,
				45A7E8C21B3E6E0B00748A6F /* KeleCalMonthView.swift in Sources */,
				45BEA6B21B5C88B90087EFB0 /* Manager.swift in Sources */,
				45E3552C1B578B350085770B /* DKImagePickerController.swift in Sources */,
				453E2B211B35492800500E31 /* LoginViewController.swift in Sources */,
				45A7E8CA1B3E933400748A6F /* SwiftyJSON.swift in Sources */,
				45BEA6B01B5C88B90087EFB0 /* Alamofire.swift in Sources */,
				45A7E8C11B3E6E0B00748A6F /* keleCalMainView.swift in Sources */,
				45A7E8C81B3E8FB400748A6F /* DailyLogItem.swift in Sources */,
				45A7E9811B49AF4F00748A6F /* FloatRatingView.swift in Sources */,
				45A7E8DD1B43431800748A6F /* LogItemTableViewCell.swift in Sources */,
				453E2B1F1B35492800500E31 /* AppDelegate.swift in Sources */,
				45180AD31B5B7B9D008B1FF9 /* AddDailyLogForOneBabyViewController.swift in Sources */,
				45DB02D21B5AADC400EA754D /* TestRongCloud.m in Sources */,
				45E3553B1B58944B0085770B /* MessageTableViewCell.swift in Sources */,
				45A7E9851B49C16200748A6F /* BabyStarTableViewCell.swift in Sources */,
				45A7E9831B49C03C00748A6F /* BabyStarViewController.swift in Sources */,
				45A7E8BF1B3E6E0B00748A6F /* KeleCalData.swift in Sources */,
				45A7E9751B4776A600748A6F /* ClassViewController.swift in Sources */,
				45BEA7C01B61E7730087EFB0 /* MainTabBarController.swift in Sources */,
				45210B551B4F4C7B004A2EFB /* UIViewControllerForWebAPI.swift in Sources */,
				45A7E8C01B3E6E0B00748A6F /* KeleCalDelegate.swift in Sources */,
				45E355361B5892350085770B /* MessageTableViewController.swift in Sources */,
				45BEA6B41B5C88B90087EFB0 /* ParameterEncoding.swift in Sources */,
				45A7E8CC1B3F128500748A6F /* AddDailyLogViewController.swift in Sources */,
				45210B501B4F2B69004A2EFB /* Globals.swift in Sources */,
				457E22711B79589300CDA4CC /* CreateClassViewController.swift in Sources */,
				45A7E8DB1B4103D700748A6F /* LogTabViewController.swift in Sources */,
				45BEA6B71B5C88B90087EFB0 /* Upload.swift in Sources */,
				45BEA6B31B5C88B90087EFB0 /* MultipartFormData.swift in Sources */,
				45A7E8C31B3E6E0B00748A6F /* keleDraw.swift in Sources */,
				45A7E9771B479B6400748A6F /* ClassBabyInfoCollectionViewCell.swift in Sources */,
				45BEA6B81B5C88B90087EFB0 /* Validation.swift in Sources */,
				457E22791B7D155D00CDA4CC /* TeacherInfoViewController.swift in Sources */,
				45BEA6B61B5C88B90087EFB0 /* ResponseSerialization.swift in Sources */,
				45DB02D71B5AAE3D00EA754D /* ChatViewController.swift in Sources */,
				45BEA6B51B5C88B90087EFB0 /* Request.swift in Sources */,
				45BEA6B11B5C88B90087EFB0 /* Download.swift in Sources */,
				457E226F1B78368000CDA4CC /* MoreTableViewController.swift in Sources */,
				45A7E8C51B3E6E5B00748A6F /* KeleCalendarViewController.swift in Sources */,
			);
			runOnlyForDeploymentPostprocessing = 0;
		};
/* End PBXSourcesBuildPhase section */

/* Begin PBXVariantGroup section */
		453E2B221B35492800500E31 /* Main.storyboard */ = {
			isa = PBXVariantGroup;
			children = (
				453E2B231B35492800500E31 /* Base */,
			);
			name = Main.storyboard;
			sourceTree = "<group>";
		};
/* End PBXVariantGroup section */

/* Begin XCBuildConfiguration section */
		453E2B411B35492900500E31 /* Debug */ = {
			isa = XCBuildConfiguration;
			buildSettings = {
				ALWAYS_SEARCH_USER_PATHS = NO;
				CLANG_CXX_LANGUAGE_STANDARD = "gnu++0x";
				CLANG_CXX_LIBRARY = "libc++";
				CLANG_ENABLE_MODULES = YES;
				CLANG_ENABLE_OBJC_ARC = YES;
				CLANG_WARN_BOOL_CONVERSION = YES;
				CLANG_WARN_CONSTANT_CONVERSION = YES;
				CLANG_WARN_DIRECT_OBJC_ISA_USAGE = YES_ERROR;
				CLANG_WARN_EMPTY_BODY = YES;
				CLANG_WARN_ENUM_CONVERSION = YES;
				CLANG_WARN_INT_CONVERSION = YES;
				CLANG_WARN_OBJC_ROOT_CLASS = YES_ERROR;
				CLANG_WARN_UNREACHABLE_CODE = YES;
				CLANG_WARN__DUPLICATE_METHOD_MATCH = YES;
				"CODE_SIGN_IDENTITY[sdk=iphoneos*]" = "iOS Developer";
				COPY_PHASE_STRIP = NO;
				DEBUG_INFORMATION_FORMAT = dwarf;
				ENABLE_STRICT_OBJC_MSGSEND = YES;
				ENABLE_TESTABILITY = YES;
				GCC_C_LANGUAGE_STANDARD = gnu99;
				GCC_DYNAMIC_NO_PIC = NO;
				GCC_NO_COMMON_BLOCKS = YES;
				GCC_OPTIMIZATION_LEVEL = 0;
				GCC_PREPROCESSOR_DEFINITIONS = (
					"DEBUG=1",
					"$(inherited)",
				);
				GCC_WARN_64_TO_32_BIT_CONVERSION = YES;
				GCC_WARN_ABOUT_RETURN_TYPE = YES_ERROR;
				GCC_WARN_UNDECLARED_SELECTOR = YES;
				GCC_WARN_UNINITIALIZED_AUTOS = YES_AGGRESSIVE;
				GCC_WARN_UNUSED_FUNCTION = YES;
				GCC_WARN_UNUSED_VARIABLE = YES;
				IPHONEOS_DEPLOYMENT_TARGET = 7.0;
				MTL_ENABLE_DEBUG_INFO = YES;
				ONLY_ACTIVE_ARCH = YES;
				PROVISIONING_PROFILE = Automatic;
				SDKROOT = iphoneos;
				SWIFT_OPTIMIZATION_LEVEL = "-Onone";
				TARGETED_DEVICE_FAMILY = "1,2";
			};
			name = Debug;
		};
		453E2B421B35492900500E31 /* Release */ = {
			isa = XCBuildConfiguration;
			buildSettings = {
				ALWAYS_SEARCH_USER_PATHS = NO;
				CLANG_CXX_LANGUAGE_STANDARD = "gnu++0x";
				CLANG_CXX_LIBRARY = "libc++";
				CLANG_ENABLE_MODULES = YES;
				CLANG_ENABLE_OBJC_ARC = YES;
				CLANG_WARN_BOOL_CONVERSION = YES;
				CLANG_WARN_CONSTANT_CONVERSION = YES;
				CLANG_WARN_DIRECT_OBJC_ISA_USAGE = YES_ERROR;
				CLANG_WARN_EMPTY_BODY = YES;
				CLANG_WARN_ENUM_CONVERSION = YES;
				CLANG_WARN_INT_CONVERSION = YES;
				CLANG_WARN_OBJC_ROOT_CLASS = YES_ERROR;
				CLANG_WARN_UNREACHABLE_CODE = YES;
				CLANG_WARN__DUPLICATE_METHOD_MATCH = YES;
				"CODE_SIGN_IDENTITY[sdk=iphoneos*]" = "iOS Developer";
				COPY_PHASE_STRIP = NO;
				DEBUG_INFORMATION_FORMAT = "dwarf-with-dsym";
				ENABLE_NS_ASSERTIONS = NO;
				ENABLE_STRICT_OBJC_MSGSEND = YES;
				GCC_C_LANGUAGE_STANDARD = gnu99;
				GCC_NO_COMMON_BLOCKS = YES;
				GCC_WARN_64_TO_32_BIT_CONVERSION = YES;
				GCC_WARN_ABOUT_RETURN_TYPE = YES_ERROR;
				GCC_WARN_UNDECLARED_SELECTOR = YES;
				GCC_WARN_UNINITIALIZED_AUTOS = YES_AGGRESSIVE;
				GCC_WARN_UNUSED_FUNCTION = YES;
				GCC_WARN_UNUSED_VARIABLE = YES;
				IPHONEOS_DEPLOYMENT_TARGET = 7.0;
				MTL_ENABLE_DEBUG_INFO = NO;
				PROVISIONING_PROFILE = Automatic;
				SDKROOT = iphoneos;
				TARGETED_DEVICE_FAMILY = "1,2";
				VALIDATE_PRODUCT = YES;
			};
			name = Release;
		};
		453E2B441B35492900500E31 /* Debug */ = {
			isa = XCBuildConfiguration;
			baseConfigurationReference = 2324B3A9BABA6D45BEA4F995 /* Pods.debug.xcconfig */;
			buildSettings = {
				"ARCHS[sdk=*]" = "$(ARCHS_STANDARD)";
				ASSETCATALOG_COMPILER_APPICON_NAME = AppIcon;
				CLANG_ENABLE_MODULES = YES;
				CODE_SIGN_IDENTITY = "iPhone Developer";
				"CODE_SIGN_IDENTITY[sdk=iphoneos*]" = "iPhone Developer";
				FRAMEWORK_SEARCH_PATHS = (
					"$(inherited)",
					"$(PROJECT_DIR)/BabyLog_Swift",
					"$(PROJECT_DIR)",
				);
				INFOPLIST_FILE = BabyLog_Swift/Info.plist;
				IPHONEOS_DEPLOYMENT_TARGET = 7.0;
				LD_RUNPATH_SEARCH_PATHS = "$(inherited) @executable_path/Frameworks";
				ONLY_ACTIVE_ARCH = NO;
				PRODUCT_BUNDLE_IDENTIFIER = "com.streamsaga.BabyLog-Swift";
				PRODUCT_NAME = "$(TARGET_NAME)";
				PROVISIONING_PROFILE = "";
				SWIFT_OBJC_BRIDGING_HEADER = "BabyLog_Swift/BabyLog_Swift-Bridging-Header.h";
				SWIFT_OPTIMIZATION_LEVEL = "-Onone";
				TARGETED_DEVICE_FAMILY = "1,2";
				"VALID_ARCHS[sdk=*]" = "arm64 armv7 armv7s";
			};
			name = Debug;
		};
		453E2B451B35492900500E31 /* Release */ = {
			isa = XCBuildConfiguration;
			baseConfigurationReference = 7E94F1EE055CD555632AE808 /* Pods.release.xcconfig */;
			buildSettings = {
				ASSETCATALOG_COMPILER_APPICON_NAME = AppIcon;
				CLANG_ENABLE_MODULES = YES;
				CODE_SIGN_IDENTITY = "iPhone Developer";
				"CODE_SIGN_IDENTITY[sdk=iphoneos*]" = "iPhone Developer";
				FRAMEWORK_SEARCH_PATHS = (
					"$(inherited)",
					"$(PROJECT_DIR)/BabyLog_Swift",
					"$(PROJECT_DIR)",
				);
				INFOPLIST_FILE = BabyLog_Swift/Info.plist;
				IPHONEOS_DEPLOYMENT_TARGET = 7.0;
				LD_RUNPATH_SEARCH_PATHS = "$(inherited) @executable_path/Frameworks";
				PRODUCT_BUNDLE_IDENTIFIER = "com.streamsaga.BabyLog-Swift";
				PRODUCT_NAME = "$(TARGET_NAME)";
				PROVISIONING_PROFILE = "";
				SWIFT_OBJC_BRIDGING_HEADER = "BabyLog_Swift/BabyLog_Swift-Bridging-Header.h";
				TARGETED_DEVICE_FAMILY = "1,2";
			};
			name = Release;
		};
/* End XCBuildConfiguration section */

/* Begin XCConfigurationList section */
		453E2B161B35492800500E31 /* Build configuration list for PBXProject "BabyLog_Swift" */ = {
			isa = XCConfigurationList;
			buildConfigurations = (
				453E2B411B35492900500E31 /* Debug */,
				453E2B421B35492900500E31 /* Release */,
			);
			defaultConfigurationIsVisible = 0;
			defaultConfigurationName = Release;
		};
		453E2B431B35492900500E31 /* Build configuration list for PBXNativeTarget "BabyLog_Swift" */ = {
			isa = XCConfigurationList;
			buildConfigurations = (
				453E2B441B35492900500E31 /* Debug */,
				453E2B451B35492900500E31 /* Release */,
			);
			defaultConfigurationIsVisible = 0;
			defaultConfigurationName = Release;
		};
/* End XCConfigurationList section */
	};
	rootObject = 453E2B131B35492800500E31 /* Project object */;
}
